// !$*UTF8*$!
{
	archiveVersion = 1;
	classes = {
	};
	objectVersion = 46;
	objects = {

/* Begin PBXBuildFile section */
		2310A17C1A7FD9D200AA2463 /* ViewControllerDismissDelegate.swift in Sources */ = {isa = PBXBuildFile; fileRef = 2310A17B1A7FD9D200AA2463 /* ViewControllerDismissDelegate.swift */; };
		2345A2BB1A7D317D007CB356 /* OpenSans-Bold.ttf in Resources */ = {isa = PBXBuildFile; fileRef = 2345A2B11A7D317D007CB356 /* OpenSans-Bold.ttf */; };
		2345A2BC1A7D317D007CB356 /* OpenSans-BoldItalic.ttf in Resources */ = {isa = PBXBuildFile; fileRef = 2345A2B21A7D317D007CB356 /* OpenSans-BoldItalic.ttf */; };
		2345A2BD1A7D317D007CB356 /* OpenSans-ExtraBold.ttf in Resources */ = {isa = PBXBuildFile; fileRef = 2345A2B31A7D317D007CB356 /* OpenSans-ExtraBold.ttf */; };
		2345A2BE1A7D317D007CB356 /* OpenSans-ExtraBoldItalic.ttf in Resources */ = {isa = PBXBuildFile; fileRef = 2345A2B41A7D317D007CB356 /* OpenSans-ExtraBoldItalic.ttf */; };
		2345A2BF1A7D317D007CB356 /* OpenSans-Italic.ttf in Resources */ = {isa = PBXBuildFile; fileRef = 2345A2B51A7D317D007CB356 /* OpenSans-Italic.ttf */; };
		2345A2C01A7D317D007CB356 /* OpenSans-Light.ttf in Resources */ = {isa = PBXBuildFile; fileRef = 2345A2B61A7D317D007CB356 /* OpenSans-Light.ttf */; };
		2345A2C11A7D317D007CB356 /* OpenSans-LightItalic.ttf in Resources */ = {isa = PBXBuildFile; fileRef = 2345A2B71A7D317D007CB356 /* OpenSans-LightItalic.ttf */; };
		2345A2C21A7D317D007CB356 /* OpenSans-Regular.ttf in Resources */ = {isa = PBXBuildFile; fileRef = 2345A2B81A7D317D007CB356 /* OpenSans-Regular.ttf */; };
		2345A2C31A7D317D007CB356 /* OpenSans-Semibold.ttf in Resources */ = {isa = PBXBuildFile; fileRef = 2345A2B91A7D317D007CB356 /* OpenSans-Semibold.ttf */; };
		2345A2C41A7D317D007CB356 /* OpenSans-SemiboldItalic.ttf in Resources */ = {isa = PBXBuildFile; fileRef = 2345A2BA1A7D317D007CB356 /* OpenSans-SemiboldItalic.ttf */; };
		2345A2CA1A7D5231007CB356 /* DrinkDetailsViewController.swift in Sources */ = {isa = PBXBuildFile; fileRef = 2345A2C91A7D5231007CB356 /* DrinkDetailsViewController.swift */; };
		2345A2CF1A7F9786007CB356 /* UIImage+Grayscale.swift in Sources */ = {isa = PBXBuildFile; fileRef = 2345A2CE1A7F9786007CB356 /* UIImage+Grayscale.swift */; };
		2345A2D11A7F9E96007CB356 /* PouringView.swift in Sources */ = {isa = PBXBuildFile; fileRef = 2345A2D01A7F9E96007CB356 /* PouringView.swift */; };
		2345A2D31A7FC19C007CB356 /* Constants.swift in Sources */ = {isa = PBXBuildFile; fileRef = 2345A2D21A7FC19C007CB356 /* Constants.swift */; };
		2345A2D51A7FC34C007CB356 /* DrinkCarouselTransformation.swift in Sources */ = {isa = PBXBuildFile; fileRef = 2345A2D41A7FC34C007CB356 /* DrinkCarouselTransformation.swift */; };
		2345A2D71A7FC4C0007CB356 /* UIView+FrameHelper.swift in Sources */ = {isa = PBXBuildFile; fileRef = 2345A2D61A7FC4C0007CB356 /* UIView+FrameHelper.swift */; };
		237B076F1A6EA5F7001AA652 /* AppDelegate.swift in Sources */ = {isa = PBXBuildFile; fileRef = 237B076E1A6EA5F7001AA652 /* AppDelegate.swift */; };
		237B07711A6EA5F7001AA652 /* Images.xcassets in Resources */ = {isa = PBXBuildFile; fileRef = 237B07701A6EA5F7001AA652 /* Images.xcassets */; };
		237B077D1A6EA5F7001AA652 /* cocktail_assassinTests.swift in Sources */ = {isa = PBXBuildFile; fileRef = 237B077C1A6EA5F7001AA652 /* cocktail_assassinTests.swift */; };
		237B07871A6EA7A2001AA652 /* MainViewController.swift in Sources */ = {isa = PBXBuildFile; fileRef = 237B07861A6EA7A2001AA652 /* MainViewController.swift */; };
		23AC06DB1A6FA260002928CB /* Drink.swift in Sources */ = {isa = PBXBuildFile; fileRef = 23AC06DA1A6FA260002928CB /* Drink.swift */; };
		23C0532D1A7A810F0060CABB /* DrinkView.swift in Sources */ = {isa = PBXBuildFile; fileRef = 23C0532C1A7A810F0060CABB /* DrinkView.swift */; };
		23E6376D1A6EBE5600B71A0D /* DrinksViewController.swift in Sources */ = {isa = PBXBuildFile; fileRef = 23E6376C1A6EBE5600B71A0D /* DrinksViewController.swift */; };
		A7EEC9C95AAC2E94EB7D142D /* libPods-cocktail-assassin.a in Frameworks */ = {isa = PBXBuildFile; fileRef = 2B2AAA5498568E4168517F68 /* libPods-cocktail-assassin.a */; };
/* End PBXBuildFile section */

/* Begin PBXContainerItemProxy section */
		237B07771A6EA5F7001AA652 /* PBXContainerItemProxy */ = {
			isa = PBXContainerItemProxy;
			containerPortal = 237B07611A6EA5F7001AA652 /* Project object */;
			proxyType = 1;
			remoteGlobalIDString = 237B07681A6EA5F7001AA652;
			remoteInfo = "cocktail-assassin";
		};
/* End PBXContainerItemProxy section */

/* Begin PBXFileReference section */
		00F9EC01DE68889178A16A06 /* Pods-cocktail-assassin.release.xcconfig */ = {isa = PBXFileReference; includeInIndex = 1; lastKnownFileType = text.xcconfig; name = "Pods-cocktail-assassin.release.xcconfig"; path = "Pods/Target Support Files/Pods-cocktail-assassin/Pods-cocktail-assassin.release.xcconfig"; sourceTree = "<group>"; };
		1A31D6CBFE34FDA0D97BCFDE /* Pods-cocktail-assassin.debug.xcconfig */ = {isa = PBXFileReference; includeInIndex = 1; lastKnownFileType = text.xcconfig; name = "Pods-cocktail-assassin.debug.xcconfig"; path = "Pods/Target Support Files/Pods-cocktail-assassin/Pods-cocktail-assassin.debug.xcconfig"; sourceTree = "<group>"; };
		2310A17B1A7FD9D200AA2463 /* ViewControllerDismissDelegate.swift */ = {isa = PBXFileReference; fileEncoding = 4; lastKnownFileType = sourcecode.swift; path = ViewControllerDismissDelegate.swift; sourceTree = "<group>"; };
		2345A2B11A7D317D007CB356 /* OpenSans-Bold.ttf */ = {isa = PBXFileReference; lastKnownFileType = file; path = "OpenSans-Bold.ttf"; sourceTree = "<group>"; };
		2345A2B21A7D317D007CB356 /* OpenSans-BoldItalic.ttf */ = {isa = PBXFileReference; lastKnownFileType = file; path = "OpenSans-BoldItalic.ttf"; sourceTree = "<group>"; };
		2345A2B31A7D317D007CB356 /* OpenSans-ExtraBold.ttf */ = {isa = PBXFileReference; lastKnownFileType = file; path = "OpenSans-ExtraBold.ttf"; sourceTree = "<group>"; };
		2345A2B41A7D317D007CB356 /* OpenSans-ExtraBoldItalic.ttf */ = {isa = PBXFileReference; lastKnownFileType = file; path = "OpenSans-ExtraBoldItalic.ttf"; sourceTree = "<group>"; };
		2345A2B51A7D317D007CB356 /* OpenSans-Italic.ttf */ = {isa = PBXFileReference; lastKnownFileType = file; path = "OpenSans-Italic.ttf"; sourceTree = "<group>"; };
		2345A2B61A7D317D007CB356 /* OpenSans-Light.ttf */ = {isa = PBXFileReference; lastKnownFileType = file; path = "OpenSans-Light.ttf"; sourceTree = "<group>"; };
		2345A2B71A7D317D007CB356 /* OpenSans-LightItalic.ttf */ = {isa = PBXFileReference; lastKnownFileType = file; path = "OpenSans-LightItalic.ttf"; sourceTree = "<group>"; };
		2345A2B81A7D317D007CB356 /* OpenSans-Regular.ttf */ = {isa = PBXFileReference; lastKnownFileType = file; path = "OpenSans-Regular.ttf"; sourceTree = "<group>"; };
		2345A2B91A7D317D007CB356 /* OpenSans-Semibold.ttf */ = {isa = PBXFileReference; lastKnownFileType = file; path = "OpenSans-Semibold.ttf"; sourceTree = "<group>"; };
		2345A2BA1A7D317D007CB356 /* OpenSans-SemiboldItalic.ttf */ = {isa = PBXFileReference; lastKnownFileType = file; path = "OpenSans-SemiboldItalic.ttf"; sourceTree = "<group>"; };
		2345A2C91A7D5231007CB356 /* DrinkDetailsViewController.swift */ = {isa = PBXFileReference; fileEncoding = 4; lastKnownFileType = sourcecode.swift; path = DrinkDetailsViewController.swift; sourceTree = "<group>"; };
		2345A2CE1A7F9786007CB356 /* UIImage+Grayscale.swift */ = {isa = PBXFileReference; fileEncoding = 4; lastKnownFileType = sourcecode.swift; path = "UIImage+Grayscale.swift"; sourceTree = "<group>"; };
		2345A2D01A7F9E96007CB356 /* PouringView.swift */ = {isa = PBXFileReference; fileEncoding = 4; lastKnownFileType = sourcecode.swift; path = PouringView.swift; sourceTree = "<group>"; };
		2345A2D21A7FC19C007CB356 /* Constants.swift */ = {isa = PBXFileReference; fileEncoding = 4; lastKnownFileType = sourcecode.swift; path = Constants.swift; sourceTree = "<group>"; };
		2345A2D41A7FC34C007CB356 /* DrinkCarouselTransformation.swift */ = {isa = PBXFileReference; fileEncoding = 4; lastKnownFileType = sourcecode.swift; path = DrinkCarouselTransformation.swift; sourceTree = "<group>"; };
		2345A2D61A7FC4C0007CB356 /* UIView+FrameHelper.swift */ = {isa = PBXFileReference; fileEncoding = 4; lastKnownFileType = sourcecode.swift; path = "UIView+FrameHelper.swift"; sourceTree = "<group>"; };
		237B07691A6EA5F7001AA652 /* cocktail-assassin.app */ = {isa = PBXFileReference; explicitFileType = wrapper.application; includeInIndex = 0; path = "cocktail-assassin.app"; sourceTree = BUILT_PRODUCTS_DIR; };
		237B076D1A6EA5F7001AA652 /* Info.plist */ = {isa = PBXFileReference; lastKnownFileType = text.plist.xml; path = Info.plist; sourceTree = "<group>"; };
		237B076E1A6EA5F7001AA652 /* AppDelegate.swift */ = {isa = PBXFileReference; lastKnownFileType = sourcecode.swift; path = AppDelegate.swift; sourceTree = "<group>"; };
		237B07701A6EA5F7001AA652 /* Images.xcassets */ = {isa = PBXFileReference; lastKnownFileType = folder.assetcatalog; path = Images.xcassets; sourceTree = "<group>"; };
		237B07761A6EA5F7001AA652 /* cocktail-assassinTests.xctest */ = {isa = PBXFileReference; explicitFileType = wrapper.cfbundle; includeInIndex = 0; path = "cocktail-assassinTests.xctest"; sourceTree = BUILT_PRODUCTS_DIR; };
		237B077B1A6EA5F7001AA652 /* Info.plist */ = {isa = PBXFileReference; lastKnownFileType = text.plist.xml; path = Info.plist; sourceTree = "<group>"; };
		237B077C1A6EA5F7001AA652 /* cocktail_assassinTests.swift */ = {isa = PBXFileReference; lastKnownFileType = sourcecode.swift; path = cocktail_assassinTests.swift; sourceTree = "<group>"; };
		237B07861A6EA7A2001AA652 /* MainViewController.swift */ = {isa = PBXFileReference; fileEncoding = 4; lastKnownFileType = sourcecode.swift; path = MainViewController.swift; sourceTree = "<group>"; };
		23AC06DA1A6FA260002928CB /* Drink.swift */ = {isa = PBXFileReference; fileEncoding = 4; lastKnownFileType = sourcecode.swift; path = Drink.swift; sourceTree = "<group>"; };
		23C0532C1A7A810F0060CABB /* DrinkView.swift */ = {isa = PBXFileReference; fileEncoding = 4; lastKnownFileType = sourcecode.swift; path = DrinkView.swift; sourceTree = "<group>"; };
		23E6376C1A6EBE5600B71A0D /* DrinksViewController.swift */ = {isa = PBXFileReference; fileEncoding = 4; lastKnownFileType = sourcecode.swift; path = DrinksViewController.swift; sourceTree = "<group>"; };
		23E6376E1A6EBF5300B71A0D /* CocktailAssassin-Bridging-Header.h */ = {isa = PBXFileReference; fileEncoding = 4; lastKnownFileType = sourcecode.c.h; path = "CocktailAssassin-Bridging-Header.h"; sourceTree = "<group>"; };
		2B2AAA5498568E4168517F68 /* libPods-cocktail-assassin.a */ = {isa = PBXFileReference; explicitFileType = archive.ar; includeInIndex = 0; path = "libPods-cocktail-assassin.a"; sourceTree = BUILT_PRODUCTS_DIR; };
/* End PBXFileReference section */

/* Begin PBXFrameworksBuildPhase section */
		237B07661A6EA5F7001AA652 /* Frameworks */ = {
			isa = PBXFrameworksBuildPhase;
			buildActionMask = 2147483647;
			files = (
				A7EEC9C95AAC2E94EB7D142D /* libPods-cocktail-assassin.a in Frameworks */,
			);
			runOnlyForDeploymentPostprocessing = 0;
		};
		237B07731A6EA5F7001AA652 /* Frameworks */ = {
			isa = PBXFrameworksBuildPhase;
			buildActionMask = 2147483647;
			files = (
			);
			runOnlyForDeploymentPostprocessing = 0;
		};
/* End PBXFrameworksBuildPhase section */

/* Begin PBXGroup section */
		11EC26A8AD9A15F7D6E959BD /* Pods */ = {
			isa = PBXGroup;
			children = (
				1A31D6CBFE34FDA0D97BCFDE /* Pods-cocktail-assassin.debug.xcconfig */,
				00F9EC01DE68889178A16A06 /* Pods-cocktail-assassin.release.xcconfig */,
			);
			name = Pods;
			sourceTree = "<group>";
		};
		2310A17A1A7FD97100AA2463 /* Protocol */ = {
			isa = PBXGroup;
			children = (
				2310A17B1A7FD9D200AA2463 /* ViewControllerDismissDelegate.swift */,
			);
			name = Protocol;
			sourceTree = "<group>";
		};
		2345A2981A7D3136007CB356 /* Resources */ = {
			isa = PBXGroup;
			children = (
				237B07701A6EA5F7001AA652 /* Images.xcassets */,
				2345A2C51A7D31C8007CB356 /* Fonts */,
			);
			name = Resources;
			sourceTree = "<group>";
		};
		2345A2C51A7D31C8007CB356 /* Fonts */ = {
			isa = PBXGroup;
			children = (
				2345A2B11A7D317D007CB356 /* OpenSans-Bold.ttf */,
				2345A2B21A7D317D007CB356 /* OpenSans-BoldItalic.ttf */,
				2345A2B31A7D317D007CB356 /* OpenSans-ExtraBold.ttf */,
				2345A2B41A7D317D007CB356 /* OpenSans-ExtraBoldItalic.ttf */,
				2345A2B51A7D317D007CB356 /* OpenSans-Italic.ttf */,
				2345A2B61A7D317D007CB356 /* OpenSans-Light.ttf */,
				2345A2B71A7D317D007CB356 /* OpenSans-LightItalic.ttf */,
				2345A2B81A7D317D007CB356 /* OpenSans-Regular.ttf */,
				2345A2B91A7D317D007CB356 /* OpenSans-Semibold.ttf */,
				2345A2BA1A7D317D007CB356 /* OpenSans-SemiboldItalic.ttf */,
			);
			name = Fonts;
			sourceTree = "<group>";
		};
		2345A2C61A7D367C007CB356 /* Model */ = {
			isa = PBXGroup;
			children = (
				23AC06DA1A6FA260002928CB /* Drink.swift */,
			);
			name = Model;
			sourceTree = "<group>";
		};
		2345A2C71A7D3689007CB356 /* View */ = {
			isa = PBXGroup;
			children = (
				23C0532C1A7A810F0060CABB /* DrinkView.swift */,
				2345A2D01A7F9E96007CB356 /* PouringView.swift */,
			);
			name = View;
			sourceTree = "<group>";
		};
		2345A2C81A7D3690007CB356 /* Controller */ = {
			isa = PBXGroup;
			children = (
				23E6376C1A6EBE5600B71A0D /* DrinksViewController.swift */,
				237B07861A6EA7A2001AA652 /* MainViewController.swift */,
				2345A2C91A7D5231007CB356 /* DrinkDetailsViewController.swift */,
				2345A2D41A7FC34C007CB356 /* DrinkCarouselTransformation.swift */,
			);
			name = Controller;
			sourceTree = "<group>";
		};
		2345A2CD1A7EB31D007CB356 /* Extension */ = {
			isa = PBXGroup;
			children = (
				2345A2CE1A7F9786007CB356 /* UIImage+Grayscale.swift */,
				2345A2D61A7FC4C0007CB356 /* UIView+FrameHelper.swift */,
			);
			name = Extension;
			sourceTree = "<group>";
		};
		237B07601A6EA5F7001AA652 = {
			isa = PBXGroup;
			children = (
				237B076B1A6EA5F7001AA652 /* cocktail-assassin */,
				237B07791A6EA5F7001AA652 /* cocktail-assassinTests */,
				237B076A1A6EA5F7001AA652 /* Products */,
				11EC26A8AD9A15F7D6E959BD /* Pods */,
				52EB9BD00F9E07763522F55F /* Frameworks */,
			);
			sourceTree = "<group>";
		};
		237B076A1A6EA5F7001AA652 /* Products */ = {
			isa = PBXGroup;
			children = (
				237B07691A6EA5F7001AA652 /* cocktail-assassin.app */,
				237B07761A6EA5F7001AA652 /* cocktail-assassinTests.xctest */,
			);
			name = Products;
			sourceTree = "<group>";
		};
		237B076B1A6EA5F7001AA652 /* cocktail-assassin */ = {
			isa = PBXGroup;
			children = (
				2310A17A1A7FD97100AA2463 /* Protocol */,
				2345A2CD1A7EB31D007CB356 /* Extension */,
				2345A2C81A7D3690007CB356 /* Controller */,
				2345A2C71A7D3689007CB356 /* View */,
				2345A2C61A7D367C007CB356 /* Model */,
				2345A2981A7D3136007CB356 /* Resources */,
				237B076E1A6EA5F7001AA652 /* AppDelegate.swift */,
				237B076C1A6EA5F7001AA652 /* Supporting Files */,
				2345A2D21A7FC19C007CB356 /* Constants.swift */,
			);
			path = "cocktail-assassin";
			sourceTree = "<group>";
		};
		237B076C1A6EA5F7001AA652 /* Supporting Files */ = {
			isa = PBXGroup;
			children = (
				23E6376E1A6EBF5300B71A0D /* CocktailAssassin-Bridging-Header.h */,
				237B076D1A6EA5F7001AA652 /* Info.plist */,
			);
			name = "Supporting Files";
			sourceTree = "<group>";
		};
		237B07791A6EA5F7001AA652 /* cocktail-assassinTests */ = {
			isa = PBXGroup;
			children = (
				237B077C1A6EA5F7001AA652 /* cocktail_assassinTests.swift */,
				237B077A1A6EA5F7001AA652 /* Supporting Files */,
			);
			path = "cocktail-assassinTests";
			sourceTree = "<group>";
		};
		237B077A1A6EA5F7001AA652 /* Supporting Files */ = {
			isa = PBXGroup;
			children = (
				237B077B1A6EA5F7001AA652 /* Info.plist */,
			);
			name = "Supporting Files";
			sourceTree = "<group>";
		};
		52EB9BD00F9E07763522F55F /* Frameworks */ = {
			isa = PBXGroup;
			children = (
				2B2AAA5498568E4168517F68 /* libPods-cocktail-assassin.a */,
			);
			name = Frameworks;
			sourceTree = "<group>";
		};
/* End PBXGroup section */

/* Begin PBXNativeTarget section */
		237B07681A6EA5F7001AA652 /* cocktail-assassin */ = {
			isa = PBXNativeTarget;
			buildConfigurationList = 237B07801A6EA5F7001AA652 /* Build configuration list for PBXNativeTarget "cocktail-assassin" */;
			buildPhases = (
				48EBC26FA3EB908C8BFFA3C7 /* Check Pods Manifest.lock */,
				237B07651A6EA5F7001AA652 /* Sources */,
				237B07661A6EA5F7001AA652 /* Frameworks */,
				237B07671A6EA5F7001AA652 /* Resources */,
				88B4087A1B5A06CD4A65444E /* Copy Pods Resources */,
			);
			buildRules = (
			);
			dependencies = (
			);
			name = "cocktail-assassin";
			productName = "cocktail-assassin";
			productReference = 237B07691A6EA5F7001AA652 /* cocktail-assassin.app */;
			productType = "com.apple.product-type.application";
		};
		237B07751A6EA5F7001AA652 /* cocktail-assassinTests */ = {
			isa = PBXNativeTarget;
			buildConfigurationList = 237B07831A6EA5F7001AA652 /* Build configuration list for PBXNativeTarget "cocktail-assassinTests" */;
			buildPhases = (
				237B07721A6EA5F7001AA652 /* Sources */,
				237B07731A6EA5F7001AA652 /* Frameworks */,
				237B07741A6EA5F7001AA652 /* Resources */,
			);
			buildRules = (
			);
			dependencies = (
				237B07781A6EA5F7001AA652 /* PBXTargetDependency */,
			);
			name = "cocktail-assassinTests";
			productName = "cocktail-assassinTests";
			productReference = 237B07761A6EA5F7001AA652 /* cocktail-assassinTests.xctest */;
			productType = "com.apple.product-type.bundle.unit-test";
		};
/* End PBXNativeTarget section */

/* Begin PBXProject section */
		237B07611A6EA5F7001AA652 /* Project object */ = {
			isa = PBXProject;
			attributes = {
				LastUpgradeCheck = 0600;
				ORGANIZATIONNAME = tw;
				TargetAttributes = {
					237B07681A6EA5F7001AA652 = {
						CreatedOnToolsVersion = 6.0;
						DevelopmentTeam = 9269KSNZG8;
					};
					237B07751A6EA5F7001AA652 = {
						CreatedOnToolsVersion = 6.0;
						TestTargetID = 237B07681A6EA5F7001AA652;
					};
				};
			};
			buildConfigurationList = 237B07641A6EA5F7001AA652 /* Build configuration list for PBXProject "cocktail-assassin" */;
			compatibilityVersion = "Xcode 3.2";
			developmentRegion = English;
			hasScannedForEncodings = 0;
			knownRegions = (
				en,
			);
			mainGroup = 237B07601A6EA5F7001AA652;
			productRefGroup = 237B076A1A6EA5F7001AA652 /* Products */;
			projectDirPath = "";
			projectRoot = "";
			targets = (
				237B07681A6EA5F7001AA652 /* cocktail-assassin */,
				237B07751A6EA5F7001AA652 /* cocktail-assassinTests */,
			);
		};
/* End PBXProject section */

/* Begin PBXResourcesBuildPhase section */
		237B07671A6EA5F7001AA652 /* Resources */ = {
			isa = PBXResourcesBuildPhase;
			buildActionMask = 2147483647;
			files = (
				2345A2BC1A7D317D007CB356 /* OpenSans-BoldItalic.ttf in Resources */,
				2345A2BB1A7D317D007CB356 /* OpenSans-Bold.ttf in Resources */,
				2345A2C01A7D317D007CB356 /* OpenSans-Light.ttf in Resources */,
				2345A2BE1A7D317D007CB356 /* OpenSans-ExtraBoldItalic.ttf in Resources */,
				2345A2C31A7D317D007CB356 /* OpenSans-Semibold.ttf in Resources */,
				2345A2BF1A7D317D007CB356 /* OpenSans-Italic.ttf in Resources */,
				237B07711A6EA5F7001AA652 /* Images.xcassets in Resources */,
				2345A2C11A7D317D007CB356 /* OpenSans-LightItalic.ttf in Resources */,
				2345A2C21A7D317D007CB356 /* OpenSans-Regular.ttf in Resources */,
				2345A2BD1A7D317D007CB356 /* OpenSans-ExtraBold.ttf in Resources */,
				2345A2C41A7D317D007CB356 /* OpenSans-SemiboldItalic.ttf in Resources */,
			);
			runOnlyForDeploymentPostprocessing = 0;
		};
		237B07741A6EA5F7001AA652 /* Resources */ = {
			isa = PBXResourcesBuildPhase;
			buildActionMask = 2147483647;
			files = (
			);
			runOnlyForDeploymentPostprocessing = 0;
		};
/* End PBXResourcesBuildPhase section */

/* Begin PBXShellScriptBuildPhase section */
		48EBC26FA3EB908C8BFFA3C7 /* Check Pods Manifest.lock */ = {
			isa = PBXShellScriptBuildPhase;
			buildActionMask = 2147483647;
			files = (
			);
			inputPaths = (
			);
			name = "Check Pods Manifest.lock";
			outputPaths = (
			);
			runOnlyForDeploymentPostprocessing = 0;
			shellPath = /bin/sh;
			shellScript = "diff \"${PODS_ROOT}/../Podfile.lock\" \"${PODS_ROOT}/Manifest.lock\" > /dev/null\nif [[ $? != 0 ]] ; then\n    cat << EOM\nerror: The sandbox is not in sync with the Podfile.lock. Run 'pod install' or update your CocoaPods installation.\nEOM\n    exit 1\nfi\n";
			showEnvVarsInLog = 0;
		};
		88B4087A1B5A06CD4A65444E /* Copy Pods Resources */ = {
			isa = PBXShellScriptBuildPhase;
			buildActionMask = 2147483647;
			files = (
			);
			inputPaths = (
			);
			name = "Copy Pods Resources";
			outputPaths = (
			);
			runOnlyForDeploymentPostprocessing = 0;
			shellPath = /bin/sh;
			shellScript = "\"${SRCROOT}/Pods/Target Support Files/Pods-cocktail-assassin/Pods-cocktail-assassin-resources.sh\"\n";
			showEnvVarsInLog = 0;
		};
/* End PBXShellScriptBuildPhase section */

/* Begin PBXSourcesBuildPhase section */
		237B07651A6EA5F7001AA652 /* Sources */ = {
			isa = PBXSourcesBuildPhase;
			buildActionMask = 2147483647;
			files = (
				2345A2CF1A7F9786007CB356 /* UIImage+Grayscale.swift in Sources */,
				2345A2CA1A7D5231007CB356 /* DrinkDetailsViewController.swift in Sources */,
				23E6376D1A6EBE5600B71A0D /* DrinksViewController.swift in Sources */,
				2310A17C1A7FD9D200AA2463 /* ViewControllerDismissDelegate.swift in Sources */,
				2345A2D11A7F9E96007CB356 /* PouringView.swift in Sources */,
				237B076F1A6EA5F7001AA652 /* AppDelegate.swift in Sources */,
				2345A2D51A7FC34C007CB356 /* DrinkCarouselTransformation.swift in Sources */,
				23AC06DB1A6FA260002928CB /* Drink.swift in Sources */,
				23C0532D1A7A810F0060CABB /* DrinkView.swift in Sources */,
				237B07871A6EA7A2001AA652 /* MainViewController.swift in Sources */,
				2345A2D31A7FC19C007CB356 /* Constants.swift in Sources */,
				2345A2D71A7FC4C0007CB356 /* UIView+FrameHelper.swift in Sources */,
			);
			runOnlyForDeploymentPostprocessing = 0;
		};
		237B07721A6EA5F7001AA652 /* Sources */ = {
			isa = PBXSourcesBuildPhase;
			buildActionMask = 2147483647;
			files = (
				237B077D1A6EA5F7001AA652 /* cocktail_assassinTests.swift in Sources */,
			);
			runOnlyForDeploymentPostprocessing = 0;
		};
/* End PBXSourcesBuildPhase section */

/* Begin PBXTargetDependency section */
		237B07781A6EA5F7001AA652 /* PBXTargetDependency */ = {
			isa = PBXTargetDependency;
			target = 237B07681A6EA5F7001AA652 /* cocktail-assassin */;
			targetProxy = 237B07771A6EA5F7001AA652 /* PBXContainerItemProxy */;
		};
/* End PBXTargetDependency section */

/* Begin XCBuildConfiguration section */
		237B077E1A6EA5F7001AA652 /* Debug */ = {
			isa = XCBuildConfiguration;
			buildSettings = {
				ALWAYS_SEARCH_USER_PATHS = NO;
				CLANG_CXX_LANGUAGE_STANDARD = "gnu++0x";
				CLANG_CXX_LIBRARY = "libc++";
				CLANG_ENABLE_MODULES = YES;
				CLANG_ENABLE_OBJC_ARC = YES;
				CLANG_WARN_BOOL_CONVERSION = YES;
				CLANG_WARN_CONSTANT_CONVERSION = YES;
				CLANG_WARN_DIRECT_OBJC_ISA_USAGE = YES_ERROR;
				CLANG_WARN_EMPTY_BODY = YES;
				CLANG_WARN_ENUM_CONVERSION = YES;
				CLANG_WARN_INT_CONVERSION = YES;
				CLANG_WARN_OBJC_ROOT_CLASS = YES_ERROR;
				CLANG_WARN_UNREACHABLE_CODE = YES;
				CLANG_WARN__DUPLICATE_METHOD_MATCH = YES;
				"CODE_SIGN_IDENTITY[sdk=iphoneos*]" = "iPhone Developer";
				COPY_PHASE_STRIP = NO;
				ENABLE_STRICT_OBJC_MSGSEND = YES;
				GCC_C_LANGUAGE_STANDARD = gnu99;
				GCC_DYNAMIC_NO_PIC = NO;
				GCC_OPTIMIZATION_LEVEL = 0;
				GCC_PREPROCESSOR_DEFINITIONS = (
					"DEBUG=1",
					"$(inherited)",
				);
				GCC_SYMBOLS_PRIVATE_EXTERN = NO;
				GCC_WARN_64_TO_32_BIT_CONVERSION = YES;
				GCC_WARN_ABOUT_RETURN_TYPE = YES_ERROR;
				GCC_WARN_UNDECLARED_SELECTOR = YES;
				GCC_WARN_UNINITIALIZED_AUTOS = YES_AGGRESSIVE;
				GCC_WARN_UNUSED_FUNCTION = YES;
				GCC_WARN_UNUSED_VARIABLE = YES;
				IPHONEOS_DEPLOYMENT_TARGET = 8.0;
				METAL_ENABLE_DEBUG_INFO = YES;
				ONLY_ACTIVE_ARCH = YES;
				SDKROOT = iphoneos;
				SWIFT_OPTIMIZATION_LEVEL = "-Onone";
				TARGETED_DEVICE_FAMILY = 2;
			};
			name = Debug;
		};
		237B077F1A6EA5F7001AA652 /* Release */ = {
			isa = XCBuildConfiguration;
			buildSettings = {
				ALWAYS_SEARCH_USER_PATHS = NO;
				CLANG_CXX_LANGUAGE_STANDARD = "gnu++0x";
				CLANG_CXX_LIBRARY = "libc++";
				CLANG_ENABLE_MODULES = YES;
				CLANG_ENABLE_OBJC_ARC = YES;
				CLANG_WARN_BOOL_CONVERSION = YES;
				CLANG_WARN_CONSTANT_CONVERSION = YES;
				CLANG_WARN_DIRECT_OBJC_ISA_USAGE = YES_ERROR;
				CLANG_WARN_EMPTY_BODY = YES;
				CLANG_WARN_ENUM_CONVERSION = YES;
				CLANG_WARN_INT_CONVERSION = YES;
				CLANG_WARN_OBJC_ROOT_CLASS = YES_ERROR;
				CLANG_WARN_UNREACHABLE_CODE = YES;
				CLANG_WARN__DUPLICATE_METHOD_MATCH = YES;
				"CODE_SIGN_IDENTITY[sdk=iphoneos*]" = "iPhone Developer";
				COPY_PHASE_STRIP = YES;
				ENABLE_NS_ASSERTIONS = NO;
				ENABLE_STRICT_OBJC_MSGSEND = YES;
				GCC_C_LANGUAGE_STANDARD = gnu99;
				GCC_WARN_64_TO_32_BIT_CONVERSION = YES;
				GCC_WARN_ABOUT_RETURN_TYPE = YES_ERROR;
				GCC_WARN_UNDECLARED_SELECTOR = YES;
				GCC_WARN_UNINITIALIZED_AUTOS = YES_AGGRESSIVE;
				GCC_WARN_UNUSED_FUNCTION = YES;
				GCC_WARN_UNUSED_VARIABLE = YES;
				IPHONEOS_DEPLOYMENT_TARGET = 8.0;
				METAL_ENABLE_DEBUG_INFO = NO;
				SDKROOT = iphoneos;
				TARGETED_DEVICE_FAMILY = 2;
				VALIDATE_PRODUCT = YES;
			};
			name = Release;
		};
		237B07811A6EA5F7001AA652 /* Debug */ = {
			isa = XCBuildConfiguration;
			baseConfigurationReference = 1A31D6CBFE34FDA0D97BCFDE /* Pods-cocktail-assassin.debug.xcconfig */;
			buildSettings = {
				ASSETCATALOG_COMPILER_APPICON_NAME = AppIcon;
				ASSETCATALOG_COMPILER_LAUNCHIMAGE_NAME = LaunchImage;
				CODE_SIGN_IDENTITY = "iPhone Developer";
				"CODE_SIGN_IDENTITY[sdk=iphoneos*]" = "iPhone Developer";
				INFOPLIST_FILE = "cocktail-assassin/Info.plist";
				LD_RUNPATH_SEARCH_PATHS = "$(inherited) @executable_path/Frameworks";
				PRODUCT_NAME = "$(TARGET_NAME)";
				PROVISIONING_PROFILE = "";
				SWIFT_OBJC_BRIDGING_HEADER = "cocktail-assassin/CocktailAssassin-Bridging-Header.h";
			};
			name = Debug;
		};
		237B07821A6EA5F7001AA652 /* Release */ = {
			isa = XCBuildConfiguration;
			baseConfigurationReference = 00F9EC01DE68889178A16A06 /* Pods-cocktail-assassin.release.xcconfig */;
			buildSettings = {
				ASSETCATALOG_COMPILER_APPICON_NAME = AppIcon;
				ASSETCATALOG_COMPILER_LAUNCHIMAGE_NAME = LaunchImage;
				CODE_SIGN_IDENTITY = "iPhone Developer";
				"CODE_SIGN_IDENTITY[sdk=iphoneos*]" = "iPhone Developer";
				INFOPLIST_FILE = "cocktail-assassin/Info.plist";
				LD_RUNPATH_SEARCH_PATHS = "$(inherited) @executable_path/Frameworks";
				PRODUCT_NAME = "$(TARGET_NAME)";
				PROVISIONING_PROFILE = "";
				SWIFT_OBJC_BRIDGING_HEADER = "cocktail-assassin/CocktailAssassin-Bridging-Header.h";
			};
			name = Release;
		};
		237B07841A6EA5F7001AA652 /* Debug */ = {
			isa = XCBuildConfiguration;
			buildSettings = {
				BUNDLE_LOADER = "$(BUILT_PRODUCTS_DIR)/cocktail-assassin.app/cocktail-assassin";
				FRAMEWORK_SEARCH_PATHS = (
					"$(SDKROOT)/Developer/Library/Frameworks",
					"$(inherited)",
				);
				GCC_PREPROCESSOR_DEFINITIONS = (
					"DEBUG=1",
					"$(inherited)",
				);
				INFOPLIST_FILE = "cocktail-assassinTests/Info.plist";
				LD_RUNPATH_SEARCH_PATHS = "$(inherited) @executable_path/Frameworks @loader_path/Frameworks";
				METAL_ENABLE_DEBUG_INFO = YES;
				PRODUCT_NAME = "$(TARGET_NAME)";
				TEST_HOST = "$(BUNDLE_LOADER)";
			};
			name = Debug;
		};
		237B07851A6EA5F7001AA652 /* Release */ = {
			isa = XCBuildConfiguration;
			buildSettings = {
				BUNDLE_LOADER = "$(BUILT_PRODUCTS_DIR)/cocktail-assassin.app/cocktail-assassin";
				FRAMEWORK_SEARCH_PATHS = (
					"$(SDKROOT)/Developer/Library/Frameworks",
					"$(inherited)",
				);
				INFOPLIST_FILE = "cocktail-assassinTests/Info.plist";
				LD_RUNPATH_SEARCH_PATHS = "$(inherited) @executable_path/Frameworks @loader_path/Frameworks";
				METAL_ENABLE_DEBUG_INFO = NO;
				PRODUCT_NAME = "$(TARGET_NAME)";
				TEST_HOST = "$(BUNDLE_LOADER)";
			};
			name = Release;
		};
/* End XCBuildConfiguration section */

/* Begin XCConfigurationList section */
		237B07641A6EA5F7001AA652 /* Build configuration list for PBXProject "cocktail-assassin" */ = {
			isa = XCConfigurationList;
			buildConfigurations = (
				237B077E1A6EA5F7001AA652 /* Debug */,
				237B077F1A6EA5F7001AA652 /* Release */,
			);
			defaultConfigurationIsVisible = 0;
			defaultConfigurationName = Release;
		};
		237B07801A6EA5F7001AA652 /* Build configuration list for PBXNativeTarget "cocktail-assassin" */ = {
			isa = XCConfigurationList;
			buildConfigurations = (
				237B07811A6EA5F7001AA652 /* Debug */,
				237B07821A6EA5F7001AA652 /* Release */,
			);
			defaultConfigurationIsVisible = 0;
			defaultConfigurationName = Release;
		};
		237B07831A6EA5F7001AA652 /* Build configuration list for PBXNativeTarget "cocktail-assassinTests" */ = {
			isa = XCConfigurationList;
			buildConfigurations = (
				237B07841A6EA5F7001AA652 /* Debug */,
				237B07851A6EA5F7001AA652 /* Release */,
			);
			defaultConfigurationIsVisible = 0;
			defaultConfigurationName = Release;
		};
/* End XCConfigurationList section */
	};
	rootObject = 237B07611A6EA5F7001AA652 /* Project object */;
}
