// !$*UTF8*$!
{
	archiveVersion = 1;
	classes = {
	};
	objectVersion = 46;
	objects = {

/* Begin PBXBuildFile section */
		09188BC26AF7D72CAB754774 /* Pods_cocktail_assassinTests.framework in Frameworks */ = {isa = PBXBuildFile; fileRef = 3A48B78D0F2E82EEEC197B2D /* Pods_cocktail_assassinTests.framework */; };
		10960D61DC74F6FD868E7ABC /* SelectIngredientViewController.swift in Sources */ = {isa = PBXBuildFile; fileRef = 109606E630D6B6E9CBF36CEF /* SelectIngredientViewController.swift */; };
		23191FC81B023830003AFB2E /* Images.xcassets in Resources */ = {isa = PBXBuildFile; fileRef = 23191FC71B023830003AFB2E /* Images.xcassets */; };
		2345A2BB1A7D317D007CB356 /* OpenSans-Bold.ttf in Resources */ = {isa = PBXBuildFile; fileRef = 2345A2B11A7D317D007CB356 /* OpenSans-Bold.ttf */; };
		2345A2BC1A7D317D007CB356 /* OpenSans-BoldItalic.ttf in Resources */ = {isa = PBXBuildFile; fileRef = 2345A2B21A7D317D007CB356 /* OpenSans-BoldItalic.ttf */; };
		2345A2BD1A7D317D007CB356 /* OpenSans-ExtraBold.ttf in Resources */ = {isa = PBXBuildFile; fileRef = 2345A2B31A7D317D007CB356 /* OpenSans-ExtraBold.ttf */; };
		2345A2BE1A7D317D007CB356 /* OpenSans-ExtraBoldItalic.ttf in Resources */ = {isa = PBXBuildFile; fileRef = 2345A2B41A7D317D007CB356 /* OpenSans-ExtraBoldItalic.ttf */; };
		2345A2BF1A7D317D007CB356 /* OpenSans-Italic.ttf in Resources */ = {isa = PBXBuildFile; fileRef = 2345A2B51A7D317D007CB356 /* OpenSans-Italic.ttf */; };
		2345A2C01A7D317D007CB356 /* OpenSans-Light.ttf in Resources */ = {isa = PBXBuildFile; fileRef = 2345A2B61A7D317D007CB356 /* OpenSans-Light.ttf */; };
		2345A2C11A7D317D007CB356 /* OpenSans-LightItalic.ttf in Resources */ = {isa = PBXBuildFile; fileRef = 2345A2B71A7D317D007CB356 /* OpenSans-LightItalic.ttf */; };
		2345A2C21A7D317D007CB356 /* OpenSans-Regular.ttf in Resources */ = {isa = PBXBuildFile; fileRef = 2345A2B81A7D317D007CB356 /* OpenSans-Regular.ttf */; };
		2345A2C31A7D317D007CB356 /* OpenSans-Semibold.ttf in Resources */ = {isa = PBXBuildFile; fileRef = 2345A2B91A7D317D007CB356 /* OpenSans-Semibold.ttf */; };
		2345A2C41A7D317D007CB356 /* OpenSans-SemiboldItalic.ttf in Resources */ = {isa = PBXBuildFile; fileRef = 2345A2BA1A7D317D007CB356 /* OpenSans-SemiboldItalic.ttf */; };
		2345A2CF1A7F9786007CB356 /* UIImage+Grayscale.swift in Sources */ = {isa = PBXBuildFile; fileRef = 2345A2CE1A7F9786007CB356 /* UIImage+Grayscale.swift */; };
		2345A2D11A7F9E96007CB356 /* PouringView.swift in Sources */ = {isa = PBXBuildFile; fileRef = 2345A2D01A7F9E96007CB356 /* PouringView.swift */; };
		2345A2D31A7FC19C007CB356 /* Constants.swift in Sources */ = {isa = PBXBuildFile; fileRef = 2345A2D21A7FC19C007CB356 /* Constants.swift */; };
		2345A2D71A7FC4C0007CB356 /* UIView+FrameHelper.swift in Sources */ = {isa = PBXBuildFile; fileRef = 2345A2D61A7FC4C0007CB356 /* UIView+FrameHelper.swift */; };
		234C64AF1AA37ABD003672AF /* UIView+Promise.swift in Sources */ = {isa = PBXBuildFile; fileRef = 234C64AE1AA37ABD003672AF /* UIView+Promise.swift */; };
		23661CBD1AA483D900569DAD /* PouringViewController.swift in Sources */ = {isa = PBXBuildFile; fileRef = 23661CBC1AA483D900569DAD /* PouringViewController.swift */; };
		23661CF21AA4A6EF00569DAD /* GlowingView.swift in Sources */ = {isa = PBXBuildFile; fileRef = 23661CF11AA4A6EF00569DAD /* GlowingView.swift */; };
		237B076F1A6EA5F7001AA652 /* AppDelegate.swift in Sources */ = {isa = PBXBuildFile; fileRef = 237B076E1A6EA5F7001AA652 /* AppDelegate.swift */; };
		237B077D1A6EA5F7001AA652 /* cocktail_assassinTests.swift in Sources */ = {isa = PBXBuildFile; fileRef = 237B077C1A6EA5F7001AA652 /* cocktail_assassinTests.swift */; };
		23B1E7271A8A28620050A3AF /* DrinkService.swift in Sources */ = {isa = PBXBuildFile; fileRef = 23B1E7261A8A28620050A3AF /* DrinkService.swift */; };
		23B338861AB85CDE002F3BE8 /* UIApplication+SharedDelegate.swift in Sources */ = {isa = PBXBuildFile; fileRef = 23B338851AB85CDE002F3BE8 /* UIApplication+SharedDelegate.swift */; };
		23C0532D1A7A810F0060CABB /* DrinkView.swift in Sources */ = {isa = PBXBuildFile; fileRef = 23C0532C1A7A810F0060CABB /* DrinkView.swift */; };
		23E6376D1A6EBE5600B71A0D /* DrinksViewController.swift in Sources */ = {isa = PBXBuildFile; fileRef = 23E6376C1A6EBE5600B71A0D /* DrinksViewController.swift */; };
		23EEDBA11ADAAD8E007A28E9 /* ActionButton.swift in Sources */ = {isa = PBXBuildFile; fileRef = 23EEDBA01ADAAD8E007A28E9 /* ActionButton.swift */; };
		5931BC001A8A489700895B64 /* CocktailAssassin.xcdatamodeld in Sources */ = {isa = PBXBuildFile; fileRef = 5931BBFE1A8A489700895B64 /* CocktailAssassin.xcdatamodeld */; };
		5931BC061A8A4DC500895B64 /* Drink.swift in Sources */ = {isa = PBXBuildFile; fileRef = 23AC06DA1A6FA260002928CB /* Drink.swift */; };
		5931BC071A8A4DC500895B64 /* DrinkIngredient.swift in Sources */ = {isa = PBXBuildFile; fileRef = 59AFC2E11A8A3C29006D14DF /* DrinkIngredient.swift */; };
		5931BC081A8A4E1700895B64 /* Ingredient.swift in Sources */ = {isa = PBXBuildFile; fileRef = 59AFC2E21A8A3C29006D14DF /* Ingredient.swift */; };
		B21C5196E449F570A191182D /* Pods_cocktail_assassin.framework in Frameworks */ = {isa = PBXBuildFile; fileRef = A5005CB7B7D3059B492E867E /* Pods_cocktail_assassin.framework */; };
		EF02DB541BF8E4BD00A4A29A /* SelectIngredientForComponentViewController.swift in Sources */ = {isa = PBXBuildFile; fileRef = EF02DB531BF8E4BD00A4A29A /* SelectIngredientForComponentViewController.swift */; };
		EF02DB561BF8E87300A4A29A /* SelectIngredientForDrinkViewController.swift in Sources */ = {isa = PBXBuildFile; fileRef = EF02DB551BF8E87300A4A29A /* SelectIngredientForDrinkViewController.swift */; };
		EF02DB581BF9037200A4A29A /* ComponentMappingCell.swift in Sources */ = {isa = PBXBuildFile; fileRef = EF02DB571BF9037200A4A29A /* ComponentMappingCell.swift */; };
		EF21824B1AA5E8C900690EFD /* DrinkIngredientCell.swift in Sources */ = {isa = PBXBuildFile; fileRef = EF21824A1AA5E8C900690EFD /* DrinkIngredientCell.swift */; };
		EF30F8751BDA10DA007E8341 /* CGRect+Transform.swift in Sources */ = {isa = PBXBuildFile; fileRef = EF30F8741BDA10DA007E8341 /* CGRect+Transform.swift */; };
		EF3C62971BDB062600DF9FDC /* NSLayoutConstraint+Copy.swift in Sources */ = {isa = PBXBuildFile; fileRef = EF3C62961BDB062600DF9FDC /* NSLayoutConstraint+Copy.swift */; };
		EF3C62991BDB21E400DF9FDC /* CoreDataStack.swift in Sources */ = {isa = PBXBuildFile; fileRef = EF3C62981BDB21E400DF9FDC /* CoreDataStack.swift */; };
		EF3C629C1BDB262200DF9FDC /* LoadingViewController.swift in Sources */ = {isa = PBXBuildFile; fileRef = EF3C629B1BDB262200DF9FDC /* LoadingViewController.swift */; };
		EF6310051BD79C5A00390511 /* AdminViewController.swift in Sources */ = {isa = PBXBuildFile; fileRef = EF6310041BD79C5A00390511 /* AdminViewController.swift */; };
		EF6310071BD8559400390511 /* Component.swift in Sources */ = {isa = PBXBuildFile; fileRef = EF6310061BD8559400390511 /* Component.swift */; };
		EF6310091BD8849F00390511 /* Main.storyboard in Resources */ = {isa = PBXBuildFile; fileRef = EF6310081BD8849F00390511 /* Main.storyboard */; };
		EF63100B1BD8890500390511 /* Launch Screen.storyboard in Resources */ = {isa = PBXBuildFile; fileRef = EF63100A1BD8890500390511 /* Launch Screen.storyboard */; };
		EF63100D1BD8DA4800390511 /* DrinkDetailsViewController.swift in Sources */ = {isa = PBXBuildFile; fileRef = EF63100C1BD8DA4800390511 /* DrinkDetailsViewController.swift */; };
		EF6F92681C50698B00812796 /* AdminPasswordController.swift in Sources */ = {isa = PBXBuildFile; fileRef = EF6F92671C50698B00812796 /* AdminPasswordController.swift */; };
		EF6F926A1C50701900812796 /* AdminService.swift in Sources */ = {isa = PBXBuildFile; fileRef = EF6F92691C50701900812796 /* AdminService.swift */; };
		EF975AE01BDFA79B00C099A5 /* DrinkTotalCell.swift in Sources */ = {isa = PBXBuildFile; fileRef = EF975ADF1BDFA79B00C099A5 /* DrinkTotalCell.swift */; };
		EFC168381C4F6E46003062E4 /* DrinkService.swift in Sources */ = {isa = PBXBuildFile; fileRef = EFC168371C4F6E46003062E4 /* DrinkService.swift */; };
		EFC1683A1C4F6E90003062E4 /* Constants.swift in Sources */ = {isa = PBXBuildFile; fileRef = EFC168391C4F6E90003062E4 /* Constants.swift */; };
		EFC1683C1C4F7F6D003062E4 /* PourDrinkController.swift in Sources */ = {isa = PBXBuildFile; fileRef = EFC1683B1C4F7F6D003062E4 /* PourDrinkController.swift */; };
		EFE6217F1BDFB89B001D9660 /* IngredientMappingViewController.swift in Sources */ = {isa = PBXBuildFile; fileRef = EFE6217E1BDFB89B001D9660 /* IngredientMappingViewController.swift */; };
		EFE621821BDFB8B2001D9660 /* CleaningViewController.swift in Sources */ = {isa = PBXBuildFile; fileRef = EFE621811BDFB8B2001D9660 /* CleaningViewController.swift */; };
		EFE621841BDFC046001D9660 /* ComponentCollectionCell.swift in Sources */ = {isa = PBXBuildFile; fileRef = EFE621831BDFC046001D9660 /* ComponentCollectionCell.swift */; };
		EFE621861BDFD0F0001D9660 /* SliderCollectionCell.swift in Sources */ = {isa = PBXBuildFile; fileRef = EFE621851BDFD0F0001D9660 /* SliderCollectionCell.swift */; };
		EFE6963C1F611CC100BEC194 /* UIStoryboard.swift in Sources */ = {isa = PBXBuildFile; fileRef = EFE6963B1F611CC100BEC194 /* UIStoryboard.swift */; };
		EFE6963F1F61702300BEC194 /* AdminPasswordView.xib in Resources */ = {isa = PBXBuildFile; fileRef = EFE6963E1F61702300BEC194 /* AdminPasswordView.xib */; };
		EFE696451F61900300BEC194 /* AdminView.xib in Resources */ = {isa = PBXBuildFile; fileRef = EFE696441F61900300BEC194 /* AdminView.xib */; };
		EFE696471F6197C100BEC194 /* drinks.json in Resources */ = {isa = PBXBuildFile; fileRef = EFE696461F6197C100BEC194 /* drinks.json */; };
		EFE696491F61A62C00BEC194 /* IngredientMappingView.storyboard in Resources */ = {isa = PBXBuildFile; fileRef = EFE696481F61A62C00BEC194 /* IngredientMappingView.storyboard */; };
		EFE6964B1F61A6F500BEC194 /* CleaningView.storyboard in Resources */ = {isa = PBXBuildFile; fileRef = EFE6964A1F61A6F500BEC194 /* CleaningView.storyboard */; };
		EFEAD8891C469CCC00C362DE /* Interface.storyboard in Resources */ = {isa = PBXBuildFile; fileRef = EFEAD8871C469CCC00C362DE /* Interface.storyboard */; };
		EFEAD88B1C469CCC00C362DE /* Assets.xcassets in Resources */ = {isa = PBXBuildFile; fileRef = EFEAD88A1C469CCC00C362DE /* Assets.xcassets */; };
		EFEAD8921C469CCC00C362DE /* cocktail-assassin-watch Extension.appex in Embed App Extensions */ = {isa = PBXBuildFile; fileRef = EFEAD8911C469CCC00C362DE /* cocktail-assassin-watch Extension.appex */; settings = {ATTRIBUTES = (RemoveHeadersOnCopy, ); }; };
		EFEAD8991C469CCC00C362DE /* InterfaceController.swift in Sources */ = {isa = PBXBuildFile; fileRef = EFEAD8981C469CCC00C362DE /* InterfaceController.swift */; };
		EFEAD89B1C469CCC00C362DE /* ExtensionDelegate.swift in Sources */ = {isa = PBXBuildFile; fileRef = EFEAD89A1C469CCC00C362DE /* ExtensionDelegate.swift */; };
		EFEAD89D1C469CCC00C362DE /* NotificationController.swift in Sources */ = {isa = PBXBuildFile; fileRef = EFEAD89C1C469CCC00C362DE /* NotificationController.swift */; };
		EFEAD8A11C469CCC00C362DE /* ComplicationController.swift in Sources */ = {isa = PBXBuildFile; fileRef = EFEAD8A01C469CCC00C362DE /* ComplicationController.swift */; };
		EFEAD8A31C469CCC00C362DE /* Assets.xcassets in Resources */ = {isa = PBXBuildFile; fileRef = EFEAD8A21C469CCC00C362DE /* Assets.xcassets */; };
		EFEAD8B11C46AE3C00C362DE /* CocktailRowController.swift in Sources */ = {isa = PBXBuildFile; fileRef = EFEAD8B01C46AE3C00C362DE /* CocktailRowController.swift */; };
		EFEAD8B31C46AF4100C362DE /* Drink.swift in Sources */ = {isa = PBXBuildFile; fileRef = EFEAD8B21C46AF4100C362DE /* Drink.swift */; };
		EFEAD8B51C47299600C362DE /* DrinkController.swift in Sources */ = {isa = PBXBuildFile; fileRef = EFEAD8B41C47299600C362DE /* DrinkController.swift */; };
/* End PBXBuildFile section */

/* Begin PBXContainerItemProxy section */
		237B07771A6EA5F7001AA652 /* PBXContainerItemProxy */ = {
			isa = PBXContainerItemProxy;
			containerPortal = 237B07611A6EA5F7001AA652 /* Project object */;
			proxyType = 1;
			remoteGlobalIDString = 237B07681A6EA5F7001AA652;
			remoteInfo = "cocktail-assassin";
		};
		EFEAD8931C469CCC00C362DE /* PBXContainerItemProxy */ = {
			isa = PBXContainerItemProxy;
			containerPortal = 237B07611A6EA5F7001AA652 /* Project object */;
			proxyType = 1;
			remoteGlobalIDString = EFEAD8901C469CCC00C362DE;
			remoteInfo = "cocktail-assassin-watch Extension";
		};
/* End PBXContainerItemProxy section */

/* Begin PBXCopyFilesBuildPhase section */
		EFEAD8AD1C469CCC00C362DE /* Embed App Extensions */ = {
			isa = PBXCopyFilesBuildPhase;
			buildActionMask = 2147483647;
			dstPath = "";
			dstSubfolderSpec = 13;
			files = (
				EFEAD8921C469CCC00C362DE /* cocktail-assassin-watch Extension.appex in Embed App Extensions */,
			);
			name = "Embed App Extensions";
			runOnlyForDeploymentPostprocessing = 0;
		};
		EFEAD8AF1C469CCC00C362DE /* Embed Watch Content */ = {
			isa = PBXCopyFilesBuildPhase;
			buildActionMask = 2147483647;
			dstPath = "$(CONTENTS_FOLDER_PATH)/Watch";
			dstSubfolderSpec = 16;
			files = (
			);
			name = "Embed Watch Content";
			runOnlyForDeploymentPostprocessing = 0;
		};
/* End PBXCopyFilesBuildPhase section */

/* Begin PBXFileReference section */
		109606E630D6B6E9CBF36CEF /* SelectIngredientViewController.swift */ = {isa = PBXFileReference; fileEncoding = 4; lastKnownFileType = sourcecode.swift; path = SelectIngredientViewController.swift; sourceTree = "<group>"; };
		1D4967A16BCBCD83BBC2F6B7 /* Pods-cocktail-assassinTests.release.xcconfig */ = {isa = PBXFileReference; includeInIndex = 1; lastKnownFileType = text.xcconfig; name = "Pods-cocktail-assassinTests.release.xcconfig"; path = "Pods/Target Support Files/Pods-cocktail-assassinTests/Pods-cocktail-assassinTests.release.xcconfig"; sourceTree = "<group>"; };
		23191FC71B023830003AFB2E /* Images.xcassets */ = {isa = PBXFileReference; lastKnownFileType = folder.assetcatalog; path = Images.xcassets; sourceTree = "<group>"; };
		2345A2B11A7D317D007CB356 /* OpenSans-Bold.ttf */ = {isa = PBXFileReference; lastKnownFileType = file; path = "OpenSans-Bold.ttf"; sourceTree = "<group>"; };
		2345A2B21A7D317D007CB356 /* OpenSans-BoldItalic.ttf */ = {isa = PBXFileReference; lastKnownFileType = file; path = "OpenSans-BoldItalic.ttf"; sourceTree = "<group>"; };
		2345A2B31A7D317D007CB356 /* OpenSans-ExtraBold.ttf */ = {isa = PBXFileReference; lastKnownFileType = file; path = "OpenSans-ExtraBold.ttf"; sourceTree = "<group>"; };
		2345A2B41A7D317D007CB356 /* OpenSans-ExtraBoldItalic.ttf */ = {isa = PBXFileReference; lastKnownFileType = file; path = "OpenSans-ExtraBoldItalic.ttf"; sourceTree = "<group>"; };
		2345A2B51A7D317D007CB356 /* OpenSans-Italic.ttf */ = {isa = PBXFileReference; lastKnownFileType = file; path = "OpenSans-Italic.ttf"; sourceTree = "<group>"; };
		2345A2B61A7D317D007CB356 /* OpenSans-Light.ttf */ = {isa = PBXFileReference; lastKnownFileType = file; path = "OpenSans-Light.ttf"; sourceTree = "<group>"; };
		2345A2B71A7D317D007CB356 /* OpenSans-LightItalic.ttf */ = {isa = PBXFileReference; lastKnownFileType = file; path = "OpenSans-LightItalic.ttf"; sourceTree = "<group>"; };
		2345A2B81A7D317D007CB356 /* OpenSans-Regular.ttf */ = {isa = PBXFileReference; lastKnownFileType = file; path = "OpenSans-Regular.ttf"; sourceTree = "<group>"; };
		2345A2B91A7D317D007CB356 /* OpenSans-Semibold.ttf */ = {isa = PBXFileReference; lastKnownFileType = file; path = "OpenSans-Semibold.ttf"; sourceTree = "<group>"; };
		2345A2BA1A7D317D007CB356 /* OpenSans-SemiboldItalic.ttf */ = {isa = PBXFileReference; lastKnownFileType = file; path = "OpenSans-SemiboldItalic.ttf"; sourceTree = "<group>"; };
		2345A2CE1A7F9786007CB356 /* UIImage+Grayscale.swift */ = {isa = PBXFileReference; fileEncoding = 4; lastKnownFileType = sourcecode.swift; path = "UIImage+Grayscale.swift"; sourceTree = "<group>"; };
		2345A2D01A7F9E96007CB356 /* PouringView.swift */ = {isa = PBXFileReference; fileEncoding = 4; lastKnownFileType = sourcecode.swift; path = PouringView.swift; sourceTree = "<group>"; };
		2345A2D21A7FC19C007CB356 /* Constants.swift */ = {isa = PBXFileReference; fileEncoding = 4; lastKnownFileType = sourcecode.swift; path = Constants.swift; sourceTree = "<group>"; };
		2345A2D61A7FC4C0007CB356 /* UIView+FrameHelper.swift */ = {isa = PBXFileReference; fileEncoding = 4; lastKnownFileType = sourcecode.swift; path = "UIView+FrameHelper.swift"; sourceTree = "<group>"; };
		234C64A21AA37476003672AF /* UIKit.framework */ = {isa = PBXFileReference; lastKnownFileType = wrapper.framework; name = UIKit.framework; path = System/Library/Frameworks/UIKit.framework; sourceTree = SDKROOT; };
		234C64A41AA374A8003672AF /* Foundation.framework */ = {isa = PBXFileReference; lastKnownFileType = wrapper.framework; name = Foundation.framework; path = System/Library/Frameworks/Foundation.framework; sourceTree = SDKROOT; };
		234C64A61AA374C9003672AF /* libobjc.dylib */ = {isa = PBXFileReference; lastKnownFileType = "compiled.mach-o.dylib"; name = libobjc.dylib; path = usr/lib/libobjc.dylib; sourceTree = SDKROOT; };
		234C64AE1AA37ABD003672AF /* UIView+Promise.swift */ = {isa = PBXFileReference; fileEncoding = 4; lastKnownFileType = sourcecode.swift; path = "UIView+Promise.swift"; sourceTree = "<group>"; };
		23661CBC1AA483D900569DAD /* PouringViewController.swift */ = {isa = PBXFileReference; fileEncoding = 4; lastKnownFileType = sourcecode.swift; path = PouringViewController.swift; sourceTree = "<group>"; };
		23661CF11AA4A6EF00569DAD /* GlowingView.swift */ = {isa = PBXFileReference; fileEncoding = 4; lastKnownFileType = sourcecode.swift; path = GlowingView.swift; sourceTree = "<group>"; };
		237B07691A6EA5F7001AA652 /* cocktail-assassin.app */ = {isa = PBXFileReference; explicitFileType = wrapper.application; includeInIndex = 0; path = "cocktail-assassin.app"; sourceTree = BUILT_PRODUCTS_DIR; };
		237B076D1A6EA5F7001AA652 /* Info.plist */ = {isa = PBXFileReference; lastKnownFileType = text.plist.xml; path = Info.plist; sourceTree = "<group>"; };
		237B076E1A6EA5F7001AA652 /* AppDelegate.swift */ = {isa = PBXFileReference; lastKnownFileType = sourcecode.swift; path = AppDelegate.swift; sourceTree = "<group>"; };
		237B07761A6EA5F7001AA652 /* cocktail-assassinTests.xctest */ = {isa = PBXFileReference; explicitFileType = wrapper.cfbundle; includeInIndex = 0; path = "cocktail-assassinTests.xctest"; sourceTree = BUILT_PRODUCTS_DIR; };
		237B077B1A6EA5F7001AA652 /* Info.plist */ = {isa = PBXFileReference; lastKnownFileType = text.plist.xml; path = Info.plist; sourceTree = "<group>"; };
		237B077C1A6EA5F7001AA652 /* cocktail_assassinTests.swift */ = {isa = PBXFileReference; lastKnownFileType = sourcecode.swift; path = cocktail_assassinTests.swift; sourceTree = "<group>"; };
		23AC06DA1A6FA260002928CB /* Drink.swift */ = {isa = PBXFileReference; fileEncoding = 4; lastKnownFileType = sourcecode.swift; path = Drink.swift; sourceTree = "<group>"; };
		23B1E7261A8A28620050A3AF /* DrinkService.swift */ = {isa = PBXFileReference; fileEncoding = 4; lastKnownFileType = sourcecode.swift; path = DrinkService.swift; sourceTree = "<group>"; };
		23B338851AB85CDE002F3BE8 /* UIApplication+SharedDelegate.swift */ = {isa = PBXFileReference; fileEncoding = 4; lastKnownFileType = sourcecode.swift; path = "UIApplication+SharedDelegate.swift"; sourceTree = "<group>"; };
		23C0532C1A7A810F0060CABB /* DrinkView.swift */ = {isa = PBXFileReference; fileEncoding = 4; lastKnownFileType = sourcecode.swift; path = DrinkView.swift; sourceTree = "<group>"; };
		23E6376C1A6EBE5600B71A0D /* DrinksViewController.swift */ = {isa = PBXFileReference; fileEncoding = 4; lastKnownFileType = sourcecode.swift; path = DrinksViewController.swift; sourceTree = "<group>"; };
		23EEDBA01ADAAD8E007A28E9 /* ActionButton.swift */ = {isa = PBXFileReference; fileEncoding = 4; lastKnownFileType = sourcecode.swift; path = ActionButton.swift; sourceTree = "<group>"; };
		3A48B78D0F2E82EEEC197B2D /* Pods_cocktail_assassinTests.framework */ = {isa = PBXFileReference; explicitFileType = wrapper.framework; includeInIndex = 0; path = Pods_cocktail_assassinTests.framework; sourceTree = BUILT_PRODUCTS_DIR; };
		3E10BBC322A78C40DDF7FB5E /* Pods-cocktail-assassinTests.debug.xcconfig */ = {isa = PBXFileReference; includeInIndex = 1; lastKnownFileType = text.xcconfig; name = "Pods-cocktail-assassinTests.debug.xcconfig"; path = "Pods/Target Support Files/Pods-cocktail-assassinTests/Pods-cocktail-assassinTests.debug.xcconfig"; sourceTree = "<group>"; };
		5931BBFF1A8A489700895B64 /* CocktailAssassin.xcdatamodel */ = {isa = PBXFileReference; lastKnownFileType = wrapper.xcdatamodel; path = CocktailAssassin.xcdatamodel; sourceTree = "<group>"; };
		59AFC2E11A8A3C29006D14DF /* DrinkIngredient.swift */ = {isa = PBXFileReference; fileEncoding = 4; lastKnownFileType = sourcecode.swift; path = DrinkIngredient.swift; sourceTree = "<group>"; };
		59AFC2E21A8A3C29006D14DF /* Ingredient.swift */ = {isa = PBXFileReference; fileEncoding = 4; lastKnownFileType = sourcecode.swift; path = Ingredient.swift; sourceTree = "<group>"; };
		8D1068E656C146A8BB46FCBE /* Pods.framework */ = {isa = PBXFileReference; explicitFileType = wrapper.framework; includeInIndex = 0; path = Pods.framework; sourceTree = BUILT_PRODUCTS_DIR; };
		A5005CB7B7D3059B492E867E /* Pods_cocktail_assassin.framework */ = {isa = PBXFileReference; explicitFileType = wrapper.framework; includeInIndex = 0; path = Pods_cocktail_assassin.framework; sourceTree = BUILT_PRODUCTS_DIR; };
		CB38E34227D038F21613C9F8 /* Pods-cocktail-assassin.release.xcconfig */ = {isa = PBXFileReference; includeInIndex = 1; lastKnownFileType = text.xcconfig; name = "Pods-cocktail-assassin.release.xcconfig"; path = "Pods/Target Support Files/Pods-cocktail-assassin/Pods-cocktail-assassin.release.xcconfig"; sourceTree = "<group>"; };
		D02BAA83C0B313F3EAA5903C /* Pods-cocktail-assassin.debug.xcconfig */ = {isa = PBXFileReference; includeInIndex = 1; lastKnownFileType = text.xcconfig; name = "Pods-cocktail-assassin.debug.xcconfig"; path = "Pods/Target Support Files/Pods-cocktail-assassin/Pods-cocktail-assassin.debug.xcconfig"; sourceTree = "<group>"; };
		EF02DB531BF8E4BD00A4A29A /* SelectIngredientForComponentViewController.swift */ = {isa = PBXFileReference; fileEncoding = 4; lastKnownFileType = sourcecode.swift; path = SelectIngredientForComponentViewController.swift; sourceTree = "<group>"; };
		EF02DB551BF8E87300A4A29A /* SelectIngredientForDrinkViewController.swift */ = {isa = PBXFileReference; fileEncoding = 4; lastKnownFileType = sourcecode.swift; path = SelectIngredientForDrinkViewController.swift; sourceTree = "<group>"; };
		EF02DB571BF9037200A4A29A /* ComponentMappingCell.swift */ = {isa = PBXFileReference; fileEncoding = 4; lastKnownFileType = sourcecode.swift; path = ComponentMappingCell.swift; sourceTree = "<group>"; };
		EF21824A1AA5E8C900690EFD /* DrinkIngredientCell.swift */ = {isa = PBXFileReference; fileEncoding = 4; lastKnownFileType = sourcecode.swift; path = DrinkIngredientCell.swift; sourceTree = "<group>"; };
		EF30F8741BDA10DA007E8341 /* CGRect+Transform.swift */ = {isa = PBXFileReference; fileEncoding = 4; lastKnownFileType = sourcecode.swift; path = "CGRect+Transform.swift"; sourceTree = "<group>"; };
		EF3C62961BDB062600DF9FDC /* NSLayoutConstraint+Copy.swift */ = {isa = PBXFileReference; fileEncoding = 4; lastKnownFileType = sourcecode.swift; path = "NSLayoutConstraint+Copy.swift"; sourceTree = "<group>"; };
		EF3C62981BDB21E400DF9FDC /* CoreDataStack.swift */ = {isa = PBXFileReference; fileEncoding = 4; lastKnownFileType = sourcecode.swift; path = CoreDataStack.swift; sourceTree = "<group>"; };
		EF3C629B1BDB262200DF9FDC /* LoadingViewController.swift */ = {isa = PBXFileReference; fileEncoding = 4; lastKnownFileType = sourcecode.swift; path = LoadingViewController.swift; sourceTree = "<group>"; };
		EF6310041BD79C5A00390511 /* AdminViewController.swift */ = {isa = PBXFileReference; fileEncoding = 4; lastKnownFileType = sourcecode.swift; path = AdminViewController.swift; sourceTree = "<group>"; };
		EF6310061BD8559400390511 /* Component.swift */ = {isa = PBXFileReference; fileEncoding = 4; lastKnownFileType = sourcecode.swift; path = Component.swift; sourceTree = "<group>"; };
		EF6310081BD8849F00390511 /* Main.storyboard */ = {isa = PBXFileReference; fileEncoding = 4; lastKnownFileType = file.storyboard; path = Main.storyboard; sourceTree = "<group>"; };
		EF63100A1BD8890500390511 /* Launch Screen.storyboard */ = {isa = PBXFileReference; fileEncoding = 4; lastKnownFileType = file.storyboard; path = "Launch Screen.storyboard"; sourceTree = "<group>"; };
		EF63100C1BD8DA4800390511 /* DrinkDetailsViewController.swift */ = {isa = PBXFileReference; fileEncoding = 4; lastKnownFileType = sourcecode.swift; path = DrinkDetailsViewController.swift; sourceTree = "<group>"; };
		EF6F92671C50698B00812796 /* AdminPasswordController.swift */ = {isa = PBXFileReference; fileEncoding = 4; lastKnownFileType = sourcecode.swift; path = AdminPasswordController.swift; sourceTree = "<group>"; };
		EF6F92691C50701900812796 /* AdminService.swift */ = {isa = PBXFileReference; fileEncoding = 4; lastKnownFileType = sourcecode.swift; path = AdminService.swift; sourceTree = "<group>"; };
		EF975ADF1BDFA79B00C099A5 /* DrinkTotalCell.swift */ = {isa = PBXFileReference; fileEncoding = 4; lastKnownFileType = sourcecode.swift; path = DrinkTotalCell.swift; sourceTree = "<group>"; };
		EFC168371C4F6E46003062E4 /* DrinkService.swift */ = {isa = PBXFileReference; fileEncoding = 4; lastKnownFileType = sourcecode.swift; path = DrinkService.swift; sourceTree = "<group>"; };
		EFC168391C4F6E90003062E4 /* Constants.swift */ = {isa = PBXFileReference; fileEncoding = 4; lastKnownFileType = sourcecode.swift; path = Constants.swift; sourceTree = "<group>"; };
		EFC1683B1C4F7F6D003062E4 /* PourDrinkController.swift */ = {isa = PBXFileReference; fileEncoding = 4; lastKnownFileType = sourcecode.swift; path = PourDrinkController.swift; sourceTree = "<group>"; };
		EFE6217E1BDFB89B001D9660 /* IngredientMappingViewController.swift */ = {isa = PBXFileReference; fileEncoding = 4; lastKnownFileType = sourcecode.swift; path = IngredientMappingViewController.swift; sourceTree = "<group>"; };
		EFE621811BDFB8B2001D9660 /* CleaningViewController.swift */ = {isa = PBXFileReference; fileEncoding = 4; lastKnownFileType = sourcecode.swift; path = CleaningViewController.swift; sourceTree = "<group>"; };
		EFE621831BDFC046001D9660 /* ComponentCollectionCell.swift */ = {isa = PBXFileReference; fileEncoding = 4; lastKnownFileType = sourcecode.swift; path = ComponentCollectionCell.swift; sourceTree = "<group>"; };
		EFE621851BDFD0F0001D9660 /* SliderCollectionCell.swift */ = {isa = PBXFileReference; fileEncoding = 4; lastKnownFileType = sourcecode.swift; path = SliderCollectionCell.swift; sourceTree = "<group>"; };
		EFE6963B1F611CC100BEC194 /* UIStoryboard.swift */ = {isa = PBXFileReference; fileEncoding = 4; lastKnownFileType = sourcecode.swift; path = UIStoryboard.swift; sourceTree = "<group>"; };
		EFE6963E1F61702300BEC194 /* AdminPasswordView.xib */ = {isa = PBXFileReference; fileEncoding = 4; lastKnownFileType = file.xib; name = AdminPasswordView.xib; path = Views/Admin/AdminPasswordView.xib; sourceTree = "<group>"; };
		EFE696441F61900300BEC194 /* AdminView.xib */ = {isa = PBXFileReference; fileEncoding = 4; lastKnownFileType = file.xib; name = AdminView.xib; path = Views/Admin/AdminView.xib; sourceTree = "<group>"; };
		EFE696461F6197C100BEC194 /* drinks.json */ = {isa = PBXFileReference; fileEncoding = 4; lastKnownFileType = text.json; name = drinks.json; path = Resources/drinks.json; sourceTree = "<group>"; };
		EFE696481F61A62C00BEC194 /* IngredientMappingView.storyboard */ = {isa = PBXFileReference; fileEncoding = 4; lastKnownFileType = file.storyboard; name = IngredientMappingView.storyboard; path = Views/Admin/IngredientMappingView.storyboard; sourceTree = "<group>"; };
		EFE6964A1F61A6F500BEC194 /* CleaningView.storyboard */ = {isa = PBXFileReference; fileEncoding = 4; lastKnownFileType = file.storyboard; name = CleaningView.storyboard; path = Views/Admin/CleaningView.storyboard; sourceTree = "<group>"; };
		EFEAD8851C469CCC00C362DE /* cocktail-assassin-watch.app */ = {isa = PBXFileReference; explicitFileType = wrapper.application; includeInIndex = 0; path = "cocktail-assassin-watch.app"; sourceTree = BUILT_PRODUCTS_DIR; };
		EFEAD8881C469CCC00C362DE /* Base */ = {isa = PBXFileReference; lastKnownFileType = file.storyboard; name = Base; path = Base.lproj/Interface.storyboard; sourceTree = "<group>"; };
		EFEAD88A1C469CCC00C362DE /* Assets.xcassets */ = {isa = PBXFileReference; lastKnownFileType = folder.assetcatalog; path = Assets.xcassets; sourceTree = "<group>"; };
		EFEAD88C1C469CCC00C362DE /* Info.plist */ = {isa = PBXFileReference; lastKnownFileType = text.plist.xml; path = Info.plist; sourceTree = "<group>"; };
		EFEAD8911C469CCC00C362DE /* cocktail-assassin-watch Extension.appex */ = {isa = PBXFileReference; explicitFileType = "wrapper.app-extension"; includeInIndex = 0; path = "cocktail-assassin-watch Extension.appex"; sourceTree = BUILT_PRODUCTS_DIR; };
		EFEAD8971C469CCC00C362DE /* PushNotificationPayload.apns */ = {isa = PBXFileReference; lastKnownFileType = text; path = PushNotificationPayload.apns; sourceTree = "<group>"; };
		EFEAD8981C469CCC00C362DE /* InterfaceController.swift */ = {isa = PBXFileReference; lastKnownFileType = sourcecode.swift; path = InterfaceController.swift; sourceTree = "<group>"; };
		EFEAD89A1C469CCC00C362DE /* ExtensionDelegate.swift */ = {isa = PBXFileReference; lastKnownFileType = sourcecode.swift; path = ExtensionDelegate.swift; sourceTree = "<group>"; };
		EFEAD89C1C469CCC00C362DE /* NotificationController.swift */ = {isa = PBXFileReference; lastKnownFileType = sourcecode.swift; path = NotificationController.swift; sourceTree = "<group>"; };
		EFEAD8A01C469CCC00C362DE /* ComplicationController.swift */ = {isa = PBXFileReference; lastKnownFileType = sourcecode.swift; path = ComplicationController.swift; sourceTree = "<group>"; };
		EFEAD8A21C469CCC00C362DE /* Assets.xcassets */ = {isa = PBXFileReference; lastKnownFileType = folder.assetcatalog; path = Assets.xcassets; sourceTree = "<group>"; };
		EFEAD8A41C469CCC00C362DE /* Info.plist */ = {isa = PBXFileReference; lastKnownFileType = text.plist.xml; path = Info.plist; sourceTree = "<group>"; };
		EFEAD8B01C46AE3C00C362DE /* CocktailRowController.swift */ = {isa = PBXFileReference; fileEncoding = 4; lastKnownFileType = sourcecode.swift; path = CocktailRowController.swift; sourceTree = "<group>"; };
		EFEAD8B21C46AF4100C362DE /* Drink.swift */ = {isa = PBXFileReference; fileEncoding = 4; lastKnownFileType = sourcecode.swift; path = Drink.swift; sourceTree = "<group>"; };
		EFEAD8B41C47299600C362DE /* DrinkController.swift */ = {isa = PBXFileReference; fileEncoding = 4; lastKnownFileType = sourcecode.swift; path = DrinkController.swift; sourceTree = "<group>"; };
/* End PBXFileReference section */

/* Begin PBXFrameworksBuildPhase section */
		237B07661A6EA5F7001AA652 /* Frameworks */ = {
			isa = PBXFrameworksBuildPhase;
			buildActionMask = 2147483647;
			files = (
				B21C5196E449F570A191182D /* Pods_cocktail_assassin.framework in Frameworks */,
			);
			runOnlyForDeploymentPostprocessing = 0;
		};
		237B07731A6EA5F7001AA652 /* Frameworks */ = {
			isa = PBXFrameworksBuildPhase;
			buildActionMask = 2147483647;
			files = (
				09188BC26AF7D72CAB754774 /* Pods_cocktail_assassinTests.framework in Frameworks */,
			);
			runOnlyForDeploymentPostprocessing = 0;
		};
		3ABD3E2B8769891221D73A5A /* Frameworks */ = {
			isa = PBXFrameworksBuildPhase;
			buildActionMask = 2147483647;
			files = (
			);
			runOnlyForDeploymentPostprocessing = 0;
		};
		EFEAD88E1C469CCC00C362DE /* Frameworks */ = {
			isa = PBXFrameworksBuildPhase;
			buildActionMask = 2147483647;
			files = (
			);
			runOnlyForDeploymentPostprocessing = 0;
		};
/* End PBXFrameworksBuildPhase section */

/* Begin PBXGroup section */
		2345A2981A7D3136007CB356 /* Resources */ = {
			isa = PBXGroup;
			children = (
				2345A2C51A7D31C8007CB356 /* Fonts */,
				EF6310081BD8849F00390511 /* Main.storyboard */,
				EF63100A1BD8890500390511 /* Launch Screen.storyboard */,
				5931BBFE1A8A489700895B64 /* CocktailAssassin.xcdatamodeld */,
				23191FC71B023830003AFB2E /* Images.xcassets */,
				EFE696461F6197C100BEC194 /* drinks.json */,
			);
			name = Resources;
			sourceTree = "<group>";
		};
		2345A2C51A7D31C8007CB356 /* Fonts */ = {
			isa = PBXGroup;
			children = (
				2345A2B11A7D317D007CB356 /* OpenSans-Bold.ttf */,
				2345A2B21A7D317D007CB356 /* OpenSans-BoldItalic.ttf */,
				2345A2B31A7D317D007CB356 /* OpenSans-ExtraBold.ttf */,
				2345A2B41A7D317D007CB356 /* OpenSans-ExtraBoldItalic.ttf */,
				2345A2B51A7D317D007CB356 /* OpenSans-Italic.ttf */,
				2345A2B61A7D317D007CB356 /* OpenSans-Light.ttf */,
				2345A2B71A7D317D007CB356 /* OpenSans-LightItalic.ttf */,
				2345A2B81A7D317D007CB356 /* OpenSans-Regular.ttf */,
				2345A2B91A7D317D007CB356 /* OpenSans-Semibold.ttf */,
				2345A2BA1A7D317D007CB356 /* OpenSans-SemiboldItalic.ttf */,
			);
			name = Fonts;
			sourceTree = "<group>";
		};
		2345A2C61A7D367C007CB356 /* Models */ = {
			isa = PBXGroup;
			children = (
				59AFC2E11A8A3C29006D14DF /* DrinkIngredient.swift */,
				EF6310061BD8559400390511 /* Component.swift */,
				23AC06DA1A6FA260002928CB /* Drink.swift */,
				59AFC2E21A8A3C29006D14DF /* Ingredient.swift */,
			);
			name = Models;
			sourceTree = "<group>";
		};
		2345A2CD1A7EB31D007CB356 /* Extensions */ = {
			isa = PBXGroup;
			children = (
				2345A2CE1A7F9786007CB356 /* UIImage+Grayscale.swift */,
				2345A2D61A7FC4C0007CB356 /* UIView+FrameHelper.swift */,
				234C64AE1AA37ABD003672AF /* UIView+Promise.swift */,
				23B338851AB85CDE002F3BE8 /* UIApplication+SharedDelegate.swift */,
				EF30F8741BDA10DA007E8341 /* CGRect+Transform.swift */,
				EF3C62961BDB062600DF9FDC /* NSLayoutConstraint+Copy.swift */,
				EFE6963B1F611CC100BEC194 /* UIStoryboard.swift */,
			);
			name = Extensions;
			sourceTree = "<group>";
		};
		237B07601A6EA5F7001AA652 = {
			isa = PBXGroup;
			children = (
				237B076B1A6EA5F7001AA652 /* cocktail-assassin */,
				237B07791A6EA5F7001AA652 /* cocktail-assassinTests */,
				EFEAD8861C469CCC00C362DE /* cocktail-assassin-watch */,
				EFEAD8951C469CCC00C362DE /* cocktail-assassin-watch Extension */,
				237B076A1A6EA5F7001AA652 /* Products */,
				52EB9BD00F9E07763522F55F /* Frameworks */,
				B680F04095EA933EAC64A0F2 /* Pods */,
			);
			sourceTree = "<group>";
		};
		237B076A1A6EA5F7001AA652 /* Products */ = {
			isa = PBXGroup;
			children = (
				237B07691A6EA5F7001AA652 /* cocktail-assassin.app */,
				237B07761A6EA5F7001AA652 /* cocktail-assassinTests.xctest */,
				EFEAD8851C469CCC00C362DE /* cocktail-assassin-watch.app */,
				EFEAD8911C469CCC00C362DE /* cocktail-assassin-watch Extension.appex */,
			);
			name = Products;
			sourceTree = "<group>";
		};
		237B076B1A6EA5F7001AA652 /* cocktail-assassin */ = {
			isa = PBXGroup;
			children = (
				2345A2CD1A7EB31D007CB356 /* Extensions */,
				2345A2C61A7D367C007CB356 /* Models */,
				23906C2B1AD9C9E800D3613D /* Services */,
				23906C281AD9C9CB00D3613D /* Views */,
				EF3C629A1BDB230800DF9FDC /* Controllers */,
				2345A2981A7D3136007CB356 /* Resources */,
				2345A2D21A7FC19C007CB356 /* Constants.swift */,
				237B076E1A6EA5F7001AA652 /* AppDelegate.swift */,
				EF3C62981BDB21E400DF9FDC /* CoreDataStack.swift */,
				237B076D1A6EA5F7001AA652 /* Info.plist */,
			);
			path = "cocktail-assassin";
			sourceTree = "<group>";
		};
		237B07791A6EA5F7001AA652 /* cocktail-assassinTests */ = {
			isa = PBXGroup;
			children = (
				237B077C1A6EA5F7001AA652 /* cocktail_assassinTests.swift */,
				237B077A1A6EA5F7001AA652 /* Supporting Files */,
			);
			path = "cocktail-assassinTests";
			sourceTree = "<group>";
		};
		237B077A1A6EA5F7001AA652 /* Supporting Files */ = {
			isa = PBXGroup;
			children = (
				237B077B1A6EA5F7001AA652 /* Info.plist */,
			);
			name = "Supporting Files";
			sourceTree = "<group>";
		};
		23906C281AD9C9CB00D3613D /* Views */ = {
			isa = PBXGroup;
			children = (
				EFE6963D1F616FF200BEC194 /* Admin */,
				23C0532C1A7A810F0060CABB /* DrinkView.swift */,
				EF21824A1AA5E8C900690EFD /* DrinkIngredientCell.swift */,
				23EEDBA01ADAAD8E007A28E9 /* ActionButton.swift */,
				23661CF11AA4A6EF00569DAD /* GlowingView.swift */,
				2345A2D01A7F9E96007CB356 /* PouringView.swift */,
				EF975ADF1BDFA79B00C099A5 /* DrinkTotalCell.swift */,
				EFE621831BDFC046001D9660 /* ComponentCollectionCell.swift */,
				EFE621851BDFD0F0001D9660 /* SliderCollectionCell.swift */,
				EF02DB571BF9037200A4A29A /* ComponentMappingCell.swift */,
			);
			name = Views;
			sourceTree = "<group>";
		};
		23906C2B1AD9C9E800D3613D /* Services */ = {
			isa = PBXGroup;
			children = (
				23B1E7261A8A28620050A3AF /* DrinkService.swift */,
				EF6F92691C50701900812796 /* AdminService.swift */,
			);
			name = Services;
			sourceTree = "<group>";
		};
		52EB9BD00F9E07763522F55F /* Frameworks */ = {
			isa = PBXGroup;
			children = (
				234C64A61AA374C9003672AF /* libobjc.dylib */,
				234C64A41AA374A8003672AF /* Foundation.framework */,
				234C64A21AA37476003672AF /* UIKit.framework */,
				8D1068E656C146A8BB46FCBE /* Pods.framework */,
				A5005CB7B7D3059B492E867E /* Pods_cocktail_assassin.framework */,
				3A48B78D0F2E82EEEC197B2D /* Pods_cocktail_assassinTests.framework */,
			);
			name = Frameworks;
			sourceTree = "<group>";
		};
		B680F04095EA933EAC64A0F2 /* Pods */ = {
			isa = PBXGroup;
			children = (
				D02BAA83C0B313F3EAA5903C /* Pods-cocktail-assassin.debug.xcconfig */,
				CB38E34227D038F21613C9F8 /* Pods-cocktail-assassin.release.xcconfig */,
				3E10BBC322A78C40DDF7FB5E /* Pods-cocktail-assassinTests.debug.xcconfig */,
				1D4967A16BCBCD83BBC2F6B7 /* Pods-cocktail-assassinTests.release.xcconfig */,
			);
			name = Pods;
			sourceTree = "<group>";
		};
		EF3C629A1BDB230800DF9FDC /* Controllers */ = {
			isa = PBXGroup;
			children = (
				EFE621801BDFB8A0001D9660 /* Admin */,
				23E6376C1A6EBE5600B71A0D /* DrinksViewController.swift */,
				EF63100C1BD8DA4800390511 /* DrinkDetailsViewController.swift */,
				23661CBC1AA483D900569DAD /* PouringViewController.swift */,
				109606E630D6B6E9CBF36CEF /* SelectIngredientViewController.swift */,
				EF3C629B1BDB262200DF9FDC /* LoadingViewController.swift */,
				EF02DB551BF8E87300A4A29A /* SelectIngredientForDrinkViewController.swift */,
			);
			name = Controllers;
			sourceTree = "<group>";
		};
		EFE621801BDFB8A0001D9660 /* Admin */ = {
			isa = PBXGroup;
			children = (
				EF6310041BD79C5A00390511 /* AdminViewController.swift */,
				EFE6217E1BDFB89B001D9660 /* IngredientMappingViewController.swift */,
				EFE621811BDFB8B2001D9660 /* CleaningViewController.swift */,
				EF02DB531BF8E4BD00A4A29A /* SelectIngredientForComponentViewController.swift */,
				EF6F92671C50698B00812796 /* AdminPasswordController.swift */,
			);
			name = Admin;
			sourceTree = "<group>";
		};
		EFE6963D1F616FF200BEC194 /* Admin */ = {
			isa = PBXGroup;
			children = (
				EFE696481F61A62C00BEC194 /* IngredientMappingView.storyboard */,
				EFE6963E1F61702300BEC194 /* AdminPasswordView.xib */,
				EFE696441F61900300BEC194 /* AdminView.xib */,
				EFE6964A1F61A6F500BEC194 /* CleaningView.storyboard */,
			);
			name = Admin;
			sourceTree = "<group>";
		};
		EFEAD8861C469CCC00C362DE /* cocktail-assassin-watch */ = {
			isa = PBXGroup;
			children = (
				EFEAD8871C469CCC00C362DE /* Interface.storyboard */,
				EFEAD88A1C469CCC00C362DE /* Assets.xcassets */,
				EFEAD88C1C469CCC00C362DE /* Info.plist */,
			);
			path = "cocktail-assassin-watch";
			sourceTree = "<group>";
		};
		EFEAD8951C469CCC00C362DE /* cocktail-assassin-watch Extension */ = {
			isa = PBXGroup;
			children = (
				EFEAD8981C469CCC00C362DE /* InterfaceController.swift */,
				EFEAD8B41C47299600C362DE /* DrinkController.swift */,
				EFEAD8B01C46AE3C00C362DE /* CocktailRowController.swift */,
				EFEAD89A1C469CCC00C362DE /* ExtensionDelegate.swift */,
				EFEAD89C1C469CCC00C362DE /* NotificationController.swift */,
				EFEAD8A01C469CCC00C362DE /* ComplicationController.swift */,
				EFEAD8A21C469CCC00C362DE /* Assets.xcassets */,
				EFEAD8A41C469CCC00C362DE /* Info.plist */,
				EFEAD8961C469CCC00C362DE /* Supporting Files */,
				EFEAD8B21C46AF4100C362DE /* Drink.swift */,
				EFC168371C4F6E46003062E4 /* DrinkService.swift */,
				EFC168391C4F6E90003062E4 /* Constants.swift */,
				EFC1683B1C4F7F6D003062E4 /* PourDrinkController.swift */,
			);
			path = "cocktail-assassin-watch Extension";
			sourceTree = "<group>";
		};
		EFEAD8961C469CCC00C362DE /* Supporting Files */ = {
			isa = PBXGroup;
			children = (
				EFEAD8971C469CCC00C362DE /* PushNotificationPayload.apns */,
			);
			name = "Supporting Files";
			sourceTree = "<group>";
		};
/* End PBXGroup section */

/* Begin PBXNativeTarget section */
		237B07681A6EA5F7001AA652 /* cocktail-assassin */ = {
			isa = PBXNativeTarget;
			buildConfigurationList = 237B07801A6EA5F7001AA652 /* Build configuration list for PBXNativeTarget "cocktail-assassin" */;
			buildPhases = (
				713AFE86AB4FE453A604D152 /* [CP] Check Pods Manifest.lock */,
				237B07651A6EA5F7001AA652 /* Sources */,
				237B07661A6EA5F7001AA652 /* Frameworks */,
				237B07671A6EA5F7001AA652 /* Resources */,
				EFEAD8AF1C469CCC00C362DE /* Embed Watch Content */,
				835E8A89B2DE363C654DBF12 /* [CP] Embed Pods Frameworks */,
				4E4088D74445C4B98C1715A0 /* [CP] Copy Pods Resources */,
			);
			buildRules = (
			);
			dependencies = (
			);
			name = "cocktail-assassin";
			productName = "cocktail-assassin";
			productReference = 237B07691A6EA5F7001AA652 /* cocktail-assassin.app */;
			productType = "com.apple.product-type.application";
		};
		237B07751A6EA5F7001AA652 /* cocktail-assassinTests */ = {
			isa = PBXNativeTarget;
			buildConfigurationList = 237B07831A6EA5F7001AA652 /* Build configuration list for PBXNativeTarget "cocktail-assassinTests" */;
			buildPhases = (
				E469BC8762188724384B5169 /* [CP] Check Pods Manifest.lock */,
				237B07721A6EA5F7001AA652 /* Sources */,
				237B07731A6EA5F7001AA652 /* Frameworks */,
				237B07741A6EA5F7001AA652 /* Resources */,
				EFE6963A1F60461B00BEC194 /* Run SwiftLint */,
				DB0BBB9D25660C3BFD7DEF8C /* [CP] Embed Pods Frameworks */,
				07A87682214BD12A2761D3B0 /* [CP] Copy Pods Resources */,
			);
			buildRules = (
			);
			dependencies = (
				237B07781A6EA5F7001AA652 /* PBXTargetDependency */,
			);
			name = "cocktail-assassinTests";
			productName = "cocktail-assassinTests";
			productReference = 237B07761A6EA5F7001AA652 /* cocktail-assassinTests.xctest */;
			productType = "com.apple.product-type.bundle.unit-test";
		};
		EFEAD8841C469CCC00C362DE /* cocktail-assassin-watch */ = {
			isa = PBXNativeTarget;
			buildConfigurationList = EFEAD8AE1C469CCC00C362DE /* Build configuration list for PBXNativeTarget "cocktail-assassin-watch" */;
			buildPhases = (
				EFEAD8831C469CCC00C362DE /* Resources */,
				EFEAD8AD1C469CCC00C362DE /* Embed App Extensions */,
				3ABD3E2B8769891221D73A5A /* Frameworks */,
			);
			buildRules = (
			);
			dependencies = (
				EFEAD8941C469CCC00C362DE /* PBXTargetDependency */,
			);
			name = "cocktail-assassin-watch";
			productName = "cocktail-assassin-watch";
			productReference = EFEAD8851C469CCC00C362DE /* cocktail-assassin-watch.app */;
			productType = "com.apple.product-type.application.watchapp2";
		};
		EFEAD8901C469CCC00C362DE /* cocktail-assassin-watch Extension */ = {
			isa = PBXNativeTarget;
			buildConfigurationList = EFEAD8AC1C469CCC00C362DE /* Build configuration list for PBXNativeTarget "cocktail-assassin-watch Extension" */;
			buildPhases = (
				EFEAD88D1C469CCC00C362DE /* Sources */,
				EFEAD88E1C469CCC00C362DE /* Frameworks */,
				EFEAD88F1C469CCC00C362DE /* Resources */,
			);
			buildRules = (
			);
			dependencies = (
			);
			name = "cocktail-assassin-watch Extension";
			productName = "cocktail-assassin-watch Extension";
			productReference = EFEAD8911C469CCC00C362DE /* cocktail-assassin-watch Extension.appex */;
			productType = "com.apple.product-type.watchkit2-extension";
		};
/* End PBXNativeTarget section */

/* Begin PBXProject section */
		237B07611A6EA5F7001AA652 /* Project object */ = {
			isa = PBXProject;
			attributes = {
				LastSwiftMigration = 0700;
				LastSwiftUpdateCheck = 0720;
				LastUpgradeCheck = 0830;
				ORGANIZATIONNAME = tw;
				TargetAttributes = {
					237B07681A6EA5F7001AA652 = {
						CreatedOnToolsVersion = 6.0;
						DevelopmentTeam = 9269KSNZG8;
						LastSwiftMigration = 0830;
						ProvisioningStyle = Manual;
					};
					237B07751A6EA5F7001AA652 = {
						CreatedOnToolsVersion = 6.0;
						DevelopmentTeam = 9269KSNZG8;
						LastSwiftMigration = 0830;
						ProvisioningStyle = Manual;
						TestTargetID = 237B07681A6EA5F7001AA652;
					};
					EFEAD8841C469CCC00C362DE = {
						CreatedOnToolsVersion = 7.2;
						DevelopmentTeam = 9269KSNZG8;
						LastSwiftMigration = 0830;
						ProvisioningStyle = Manual;
					};
					EFEAD8901C469CCC00C362DE = {
						CreatedOnToolsVersion = 7.2;
						DevelopmentTeam = 9269KSNZG8;
						LastSwiftMigration = 0830;
						ProvisioningStyle = Manual;
					};
				};
			};
			buildConfigurationList = 237B07641A6EA5F7001AA652 /* Build configuration list for PBXProject "cocktail-assassin" */;
			compatibilityVersion = "Xcode 3.2";
			developmentRegion = English;
			hasScannedForEncodings = 0;
			knownRegions = (
				en,
				Base,
			);
			mainGroup = 237B07601A6EA5F7001AA652;
			productRefGroup = 237B076A1A6EA5F7001AA652 /* Products */;
			projectDirPath = "";
			projectRoot = "";
			targets = (
				237B07681A6EA5F7001AA652 /* cocktail-assassin */,
				237B07751A6EA5F7001AA652 /* cocktail-assassinTests */,
				EFEAD8841C469CCC00C362DE /* cocktail-assassin-watch */,
				EFEAD8901C469CCC00C362DE /* cocktail-assassin-watch Extension */,
			);
		};
/* End PBXProject section */

/* Begin PBXResourcesBuildPhase section */
		237B07671A6EA5F7001AA652 /* Resources */ = {
			isa = PBXResourcesBuildPhase;
			buildActionMask = 2147483647;
			files = (
				2345A2BC1A7D317D007CB356 /* OpenSans-BoldItalic.ttf in Resources */,
				2345A2BB1A7D317D007CB356 /* OpenSans-Bold.ttf in Resources */,
				EFE696471F6197C100BEC194 /* drinks.json in Resources */,
				2345A2C01A7D317D007CB356 /* OpenSans-Light.ttf in Resources */,
				EFE696451F61900300BEC194 /* AdminView.xib in Resources */,
				EF6310091BD8849F00390511 /* Main.storyboard in Resources */,
				EFE6963F1F61702300BEC194 /* AdminPasswordView.xib in Resources */,
				EF63100B1BD8890500390511 /* Launch Screen.storyboard in Resources */,
				EFE696491F61A62C00BEC194 /* IngredientMappingView.storyboard in Resources */,
				2345A2BE1A7D317D007CB356 /* OpenSans-ExtraBoldItalic.ttf in Resources */,
				23191FC81B023830003AFB2E /* Images.xcassets in Resources */,
				2345A2C31A7D317D007CB356 /* OpenSans-Semibold.ttf in Resources */,
				EFE6964B1F61A6F500BEC194 /* CleaningView.storyboard in Resources */,
				2345A2BF1A7D317D007CB356 /* OpenSans-Italic.ttf in Resources */,
				2345A2C11A7D317D007CB356 /* OpenSans-LightItalic.ttf in Resources */,
				2345A2C21A7D317D007CB356 /* OpenSans-Regular.ttf in Resources */,
				2345A2BD1A7D317D007CB356 /* OpenSans-ExtraBold.ttf in Resources */,
				2345A2C41A7D317D007CB356 /* OpenSans-SemiboldItalic.ttf in Resources */,
			);
			runOnlyForDeploymentPostprocessing = 0;
		};
		237B07741A6EA5F7001AA652 /* Resources */ = {
			isa = PBXResourcesBuildPhase;
			buildActionMask = 2147483647;
			files = (
			);
			runOnlyForDeploymentPostprocessing = 0;
		};
		EFEAD8831C469CCC00C362DE /* Resources */ = {
			isa = PBXResourcesBuildPhase;
			buildActionMask = 2147483647;
			files = (
				EFEAD88B1C469CCC00C362DE /* Assets.xcassets in Resources */,
				EFEAD8891C469CCC00C362DE /* Interface.storyboard in Resources */,
			);
			runOnlyForDeploymentPostprocessing = 0;
		};
		EFEAD88F1C469CCC00C362DE /* Resources */ = {
			isa = PBXResourcesBuildPhase;
			buildActionMask = 2147483647;
			files = (
				EFEAD8A31C469CCC00C362DE /* Assets.xcassets in Resources */,
			);
			runOnlyForDeploymentPostprocessing = 0;
		};
/* End PBXResourcesBuildPhase section */

/* Begin PBXShellScriptBuildPhase section */
		07A87682214BD12A2761D3B0 /* [CP] Copy Pods Resources */ = {
			isa = PBXShellScriptBuildPhase;
			buildActionMask = 2147483647;
			files = (
			);
			inputPaths = (
			);
			name = "[CP] Copy Pods Resources";
			outputPaths = (
			);
			runOnlyForDeploymentPostprocessing = 0;
			shellPath = /bin/sh;
			shellScript = "\"${SRCROOT}/Pods/Target Support Files/Pods-cocktail-assassinTests/Pods-cocktail-assassinTests-resources.sh\"\n";
			showEnvVarsInLog = 0;
		};
		4E4088D74445C4B98C1715A0 /* [CP] Copy Pods Resources */ = {
			isa = PBXShellScriptBuildPhase;
			buildActionMask = 2147483647;
			files = (
			);
			inputPaths = (
			);
			name = "[CP] Copy Pods Resources";
			outputPaths = (
			);
			runOnlyForDeploymentPostprocessing = 0;
			shellPath = /bin/sh;
			shellScript = "\"${SRCROOT}/Pods/Target Support Files/Pods-cocktail-assassin/Pods-cocktail-assassin-resources.sh\"\n";
			showEnvVarsInLog = 0;
		};
		713AFE86AB4FE453A604D152 /* [CP] Check Pods Manifest.lock */ = {
			isa = PBXShellScriptBuildPhase;
			buildActionMask = 2147483647;
			files = (
			);
			inputPaths = (
				"${PODS_PODFILE_DIR_PATH}/Podfile.lock",
				"${PODS_ROOT}/Manifest.lock",
			);
			name = "[CP] Check Pods Manifest.lock";
			outputPaths = (
				"$(DERIVED_FILE_DIR)/Pods-cocktail-assassin-checkManifestLockResult.txt",
			);
			runOnlyForDeploymentPostprocessing = 0;
			shellPath = /bin/sh;
			shellScript = "diff \"${PODS_PODFILE_DIR_PATH}/Podfile.lock\" \"${PODS_ROOT}/Manifest.lock\" > /dev/null\nif [ $? != 0 ] ; then\n    # print error to STDERR\n    echo \"error: The sandbox is not in sync with the Podfile.lock. Run 'pod install' or update your CocoaPods installation.\" >&2\n    exit 1\nfi\n# This output is used by Xcode 'outputs' to avoid re-running this script phase.\necho \"SUCCESS\" > \"${SCRIPT_OUTPUT_FILE_0}\"\n";
			showEnvVarsInLog = 0;
		};
		835E8A89B2DE363C654DBF12 /* [CP] Embed Pods Frameworks */ = {
			isa = PBXShellScriptBuildPhase;
			buildActionMask = 2147483647;
			files = (
			);
			inputPaths = (
				"${SRCROOT}/Pods/Target Support Files/Pods-cocktail-assassin/Pods-cocktail-assassin-frameworks.sh",
				"${BUILT_PRODUCTS_DIR}/Alamofire/Alamofire.framework",
				"${BUILT_PRODUCTS_DIR}/MONActivityIndicatorView/MONActivityIndicatorView.framework",
				"${BUILT_PRODUCTS_DIR}/OMGHTTPURLRQ/OMGHTTPURLRQ.framework",
				"${BUILT_PRODUCTS_DIR}/PromiseKit/PromiseKit.framework",
				"${BUILT_PRODUCTS_DIR}/iCarousel/iCarousel.framework",
				"${BUILT_PRODUCTS_DIR}/iOSSharedViewTransition/iOSSharedViewTransition.framework",
			);
			name = "[CP] Embed Pods Frameworks";
			outputPaths = (
				"${TARGET_BUILD_DIR}/${FRAMEWORKS_FOLDER_PATH}/Alamofire.framework",
				"${TARGET_BUILD_DIR}/${FRAMEWORKS_FOLDER_PATH}/MONActivityIndicatorView.framework",
				"${TARGET_BUILD_DIR}/${FRAMEWORKS_FOLDER_PATH}/OMGHTTPURLRQ.framework",
				"${TARGET_BUILD_DIR}/${FRAMEWORKS_FOLDER_PATH}/PromiseKit.framework",
				"${TARGET_BUILD_DIR}/${FRAMEWORKS_FOLDER_PATH}/iCarousel.framework",
				"${TARGET_BUILD_DIR}/${FRAMEWORKS_FOLDER_PATH}/iOSSharedViewTransition.framework",
			);
			runOnlyForDeploymentPostprocessing = 0;
			shellPath = /bin/sh;
			shellScript = "\"${SRCROOT}/Pods/Target Support Files/Pods-cocktail-assassin/Pods-cocktail-assassin-frameworks.sh\"\n";
			showEnvVarsInLog = 0;
		};
		DB0BBB9D25660C3BFD7DEF8C /* [CP] Embed Pods Frameworks */ = {
			isa = PBXShellScriptBuildPhase;
			buildActionMask = 2147483647;
			files = (
			);
			inputPaths = (
				"${SRCROOT}/Pods/Target Support Files/Pods-cocktail-assassinTests/Pods-cocktail-assassinTests-frameworks.sh",
				"${BUILT_PRODUCTS_DIR}/Nimble/Nimble.framework",
				"${BUILT_PRODUCTS_DIR}/Quick/Quick.framework",
			);
			name = "[CP] Embed Pods Frameworks";
			outputPaths = (
				"${TARGET_BUILD_DIR}/${FRAMEWORKS_FOLDER_PATH}/Nimble.framework",
				"${TARGET_BUILD_DIR}/${FRAMEWORKS_FOLDER_PATH}/Quick.framework",
			);
			runOnlyForDeploymentPostprocessing = 0;
			shellPath = /bin/sh;
			shellScript = "\"${SRCROOT}/Pods/Target Support Files/Pods-cocktail-assassinTests/Pods-cocktail-assassinTests-frameworks.sh\"\n";
			showEnvVarsInLog = 0;
		};
		E469BC8762188724384B5169 /* [CP] Check Pods Manifest.lock */ = {
			isa = PBXShellScriptBuildPhase;
			buildActionMask = 2147483647;
			files = (
			);
			inputPaths = (
				"${PODS_PODFILE_DIR_PATH}/Podfile.lock",
				"${PODS_ROOT}/Manifest.lock",
			);
			name = "[CP] Check Pods Manifest.lock";
			outputPaths = (
				"$(DERIVED_FILE_DIR)/Pods-cocktail-assassinTests-checkManifestLockResult.txt",
			);
			runOnlyForDeploymentPostprocessing = 0;
			shellPath = /bin/sh;
			shellScript = "diff \"${PODS_PODFILE_DIR_PATH}/Podfile.lock\" \"${PODS_ROOT}/Manifest.lock\" > /dev/null\nif [ $? != 0 ] ; then\n    # print error to STDERR\n    echo \"error: The sandbox is not in sync with the Podfile.lock. Run 'pod install' or update your CocoaPods installation.\" >&2\n    exit 1\nfi\n# This output is used by Xcode 'outputs' to avoid re-running this script phase.\necho \"SUCCESS\" > \"${SCRIPT_OUTPUT_FILE_0}\"\n";
			showEnvVarsInLog = 0;
		};
		EFE6963A1F60461B00BEC194 /* Run SwiftLint */ = {
			isa = PBXShellScriptBuildPhase;
			buildActionMask = 2147483647;
			files = (
			);
			inputPaths = (
			);
			name = "Run SwiftLint";
			outputPaths = (
			);
			runOnlyForDeploymentPostprocessing = 0;
			shellPath = /bin/sh;
			shellScript = "\"${PODS_ROOT}/SwiftLint/swiftlint\"";
		};
/* End PBXShellScriptBuildPhase section */

/* Begin PBXSourcesBuildPhase section */
		237B07651A6EA5F7001AA652 /* Sources */ = {
			isa = PBXSourcesBuildPhase;
			buildActionMask = 2147483647;
			files = (
				EF975AE01BDFA79B00C099A5 /* DrinkTotalCell.swift in Sources */,
				EF6F92681C50698B00812796 /* AdminPasswordController.swift in Sources */,
				EF6310071BD8559400390511 /* Component.swift in Sources */,
				EF21824B1AA5E8C900690EFD /* DrinkIngredientCell.swift in Sources */,
				23B1E7271A8A28620050A3AF /* DrinkService.swift in Sources */,
				5931BC081A8A4E1700895B64 /* Ingredient.swift in Sources */,
				23661CBD1AA483D900569DAD /* PouringViewController.swift in Sources */,
				5931BC061A8A4DC500895B64 /* Drink.swift in Sources */,
				234C64AF1AA37ABD003672AF /* UIView+Promise.swift in Sources */,
				5931BC071A8A4DC500895B64 /* DrinkIngredient.swift in Sources */,
				EF30F8751BDA10DA007E8341 /* CGRect+Transform.swift in Sources */,
				2345A2CF1A7F9786007CB356 /* UIImage+Grayscale.swift in Sources */,
				EFE621841BDFC046001D9660 /* ComponentCollectionCell.swift in Sources */,
				EF02DB581BF9037200A4A29A /* ComponentMappingCell.swift in Sources */,
				23B338861AB85CDE002F3BE8 /* UIApplication+SharedDelegate.swift in Sources */,
				EF02DB541BF8E4BD00A4A29A /* SelectIngredientForComponentViewController.swift in Sources */,
				EF3C62991BDB21E400DF9FDC /* CoreDataStack.swift in Sources */,
				EF3C62971BDB062600DF9FDC /* NSLayoutConstraint+Copy.swift in Sources */,
				23EEDBA11ADAAD8E007A28E9 /* ActionButton.swift in Sources */,
				23E6376D1A6EBE5600B71A0D /* DrinksViewController.swift in Sources */,
				2345A2D11A7F9E96007CB356 /* PouringView.swift in Sources */,
				EF63100D1BD8DA4800390511 /* DrinkDetailsViewController.swift in Sources */,
				237B076F1A6EA5F7001AA652 /* AppDelegate.swift in Sources */,
				EF6310051BD79C5A00390511 /* AdminViewController.swift in Sources */,
				5931BC001A8A489700895B64 /* CocktailAssassin.xcdatamodeld in Sources */,
				23C0532D1A7A810F0060CABB /* DrinkView.swift in Sources */,
				23661CF21AA4A6EF00569DAD /* GlowingView.swift in Sources */,
				EF3C629C1BDB262200DF9FDC /* LoadingViewController.swift in Sources */,
				EFE6963C1F611CC100BEC194 /* UIStoryboard.swift in Sources */,
				EFE621821BDFB8B2001D9660 /* CleaningViewController.swift in Sources */,
				EFE621861BDFD0F0001D9660 /* SliderCollectionCell.swift in Sources */,
				EFE6217F1BDFB89B001D9660 /* IngredientMappingViewController.swift in Sources */,
				2345A2D31A7FC19C007CB356 /* Constants.swift in Sources */,
				EF02DB561BF8E87300A4A29A /* SelectIngredientForDrinkViewController.swift in Sources */,
				2345A2D71A7FC4C0007CB356 /* UIView+FrameHelper.swift in Sources */,
				10960D61DC74F6FD868E7ABC /* SelectIngredientViewController.swift in Sources */,
				EF6F926A1C50701900812796 /* AdminService.swift in Sources */,
			);
			runOnlyForDeploymentPostprocessing = 0;
		};
		237B07721A6EA5F7001AA652 /* Sources */ = {
			isa = PBXSourcesBuildPhase;
			buildActionMask = 2147483647;
			files = (
				237B077D1A6EA5F7001AA652 /* cocktail_assassinTests.swift in Sources */,
			);
			runOnlyForDeploymentPostprocessing = 0;
		};
		EFEAD88D1C469CCC00C362DE /* Sources */ = {
			isa = PBXSourcesBuildPhase;
			buildActionMask = 2147483647;
			files = (
				EFEAD8B11C46AE3C00C362DE /* CocktailRowController.swift in Sources */,
				EFC168381C4F6E46003062E4 /* DrinkService.swift in Sources */,
				EFEAD89D1C469CCC00C362DE /* NotificationController.swift in Sources */,
				EFEAD89B1C469CCC00C362DE /* ExtensionDelegate.swift in Sources */,
				EFEAD8A11C469CCC00C362DE /* ComplicationController.swift in Sources */,
				EFC1683A1C4F6E90003062E4 /* Constants.swift in Sources */,
				EFEAD8B51C47299600C362DE /* DrinkController.swift in Sources */,
				EFEAD8991C469CCC00C362DE /* InterfaceController.swift in Sources */,
				EFC1683C1C4F7F6D003062E4 /* PourDrinkController.swift in Sources */,
				EFEAD8B31C46AF4100C362DE /* Drink.swift in Sources */,
			);
			runOnlyForDeploymentPostprocessing = 0;
		};
/* End PBXSourcesBuildPhase section */

/* Begin PBXTargetDependency section */
		237B07781A6EA5F7001AA652 /* PBXTargetDependency */ = {
			isa = PBXTargetDependency;
			target = 237B07681A6EA5F7001AA652 /* cocktail-assassin */;
			targetProxy = 237B07771A6EA5F7001AA652 /* PBXContainerItemProxy */;
		};
		EFEAD8941C469CCC00C362DE /* PBXTargetDependency */ = {
			isa = PBXTargetDependency;
			target = EFEAD8901C469CCC00C362DE /* cocktail-assassin-watch Extension */;
			targetProxy = EFEAD8931C469CCC00C362DE /* PBXContainerItemProxy */;
		};
/* End PBXTargetDependency section */

/* Begin PBXVariantGroup section */
		EFEAD8871C469CCC00C362DE /* Interface.storyboard */ = {
			isa = PBXVariantGroup;
			children = (
				EFEAD8881C469CCC00C362DE /* Base */,
			);
			name = Interface.storyboard;
			sourceTree = "<group>";
		};
/* End PBXVariantGroup section */

/* Begin XCBuildConfiguration section */
		237B077E1A6EA5F7001AA652 /* Debug */ = {
			isa = XCBuildConfiguration;
			buildSettings = {
				ALWAYS_SEARCH_USER_PATHS = NO;
				CLANG_CXX_LANGUAGE_STANDARD = "gnu++0x";
				CLANG_CXX_LIBRARY = "libc++";
				CLANG_ENABLE_MODULES = YES;
				CLANG_ENABLE_OBJC_ARC = YES;
				CLANG_WARN_BOOL_CONVERSION = YES;
				CLANG_WARN_CONSTANT_CONVERSION = YES;
				CLANG_WARN_DIRECT_OBJC_ISA_USAGE = YES_ERROR;
				CLANG_WARN_EMPTY_BODY = YES;
				CLANG_WARN_ENUM_CONVERSION = YES;
				CLANG_WARN_INFINITE_RECURSION = YES;
				CLANG_WARN_INT_CONVERSION = YES;
				CLANG_WARN_OBJC_ROOT_CLASS = YES_ERROR;
				CLANG_WARN_SUSPICIOUS_MOVE = YES;
				CLANG_WARN_UNREACHABLE_CODE = YES;
				CLANG_WARN__DUPLICATE_METHOD_MATCH = YES;
				"CODE_SIGN_IDENTITY[sdk=iphoneos*]" = "iPhone Developer";
				COPY_PHASE_STRIP = NO;
				ENABLE_STRICT_OBJC_MSGSEND = YES;
				ENABLE_TESTABILITY = YES;
				GCC_C_LANGUAGE_STANDARD = gnu99;
				GCC_DYNAMIC_NO_PIC = NO;
				GCC_NO_COMMON_BLOCKS = YES;
				GCC_OPTIMIZATION_LEVEL = 0;
				GCC_PREPROCESSOR_DEFINITIONS = (
					"DEBUG=1",
					"$(inherited)",
				);
				GCC_SYMBOLS_PRIVATE_EXTERN = NO;
				GCC_WARN_64_TO_32_BIT_CONVERSION = YES;
				GCC_WARN_ABOUT_RETURN_TYPE = YES_ERROR;
				GCC_WARN_UNDECLARED_SELECTOR = YES;
				GCC_WARN_UNINITIALIZED_AUTOS = YES_AGGRESSIVE;
				GCC_WARN_UNUSED_FUNCTION = YES;
				GCC_WARN_UNUSED_VARIABLE = YES;
				IPHONEOS_DEPLOYMENT_TARGET = 9.0;
				METAL_ENABLE_DEBUG_INFO = YES;
				ONLY_ACTIVE_ARCH = YES;
				SDKROOT = iphoneos;
				SWIFT_OPTIMIZATION_LEVEL = "-Onone";
				TARGETED_DEVICE_FAMILY = 2;
			};
			name = Debug;
		};
		237B077F1A6EA5F7001AA652 /* Release */ = {
			isa = XCBuildConfiguration;
			buildSettings = {
				ALWAYS_SEARCH_USER_PATHS = NO;
				CLANG_CXX_LANGUAGE_STANDARD = "gnu++0x";
				CLANG_CXX_LIBRARY = "libc++";
				CLANG_ENABLE_MODULES = YES;
				CLANG_ENABLE_OBJC_ARC = YES;
				CLANG_WARN_BOOL_CONVERSION = YES;
				CLANG_WARN_CONSTANT_CONVERSION = YES;
				CLANG_WARN_DIRECT_OBJC_ISA_USAGE = YES_ERROR;
				CLANG_WARN_EMPTY_BODY = YES;
				CLANG_WARN_ENUM_CONVERSION = YES;
				CLANG_WARN_INFINITE_RECURSION = YES;
				CLANG_WARN_INT_CONVERSION = YES;
				CLANG_WARN_OBJC_ROOT_CLASS = YES_ERROR;
				CLANG_WARN_SUSPICIOUS_MOVE = YES;
				CLANG_WARN_UNREACHABLE_CODE = YES;
				CLANG_WARN__DUPLICATE_METHOD_MATCH = YES;
				"CODE_SIGN_IDENTITY[sdk=iphoneos*]" = "iPhone Developer";
				COPY_PHASE_STRIP = YES;
				ENABLE_NS_ASSERTIONS = NO;
				ENABLE_STRICT_OBJC_MSGSEND = YES;
				GCC_C_LANGUAGE_STANDARD = gnu99;
				GCC_NO_COMMON_BLOCKS = YES;
				GCC_WARN_64_TO_32_BIT_CONVERSION = YES;
				GCC_WARN_ABOUT_RETURN_TYPE = YES_ERROR;
				GCC_WARN_UNDECLARED_SELECTOR = YES;
				GCC_WARN_UNINITIALIZED_AUTOS = YES_AGGRESSIVE;
				GCC_WARN_UNUSED_FUNCTION = YES;
				GCC_WARN_UNUSED_VARIABLE = YES;
				IPHONEOS_DEPLOYMENT_TARGET = 9.0;
				METAL_ENABLE_DEBUG_INFO = NO;
				SDKROOT = iphoneos;
				SWIFT_OPTIMIZATION_LEVEL = "-Owholemodule";
				TARGETED_DEVICE_FAMILY = 2;
				VALIDATE_PRODUCT = YES;
			};
			name = Release;
		};
		237B07811A6EA5F7001AA652 /* Debug */ = {
			isa = XCBuildConfiguration;
			baseConfigurationReference = D02BAA83C0B313F3EAA5903C /* Pods-cocktail-assassin.debug.xcconfig */;
			buildSettings = {
				ASSETCATALOG_COMPILER_APPICON_NAME = AppIcon;
				ASSETCATALOG_COMPILER_LAUNCHIMAGE_NAME = LaunchImage;
				CODE_SIGN_IDENTITY = "iPhone Developer";
				"CODE_SIGN_IDENTITY[sdk=iphoneos*]" = "iPhone Developer";
				DEVELOPMENT_TEAM = 9269KSNZG8;
				INFOPLIST_FILE = "cocktail-assassin/Info.plist";
				IPHONEOS_DEPLOYMENT_TARGET = 10.0;
				LD_RUNPATH_SEARCH_PATHS = "$(inherited) @executable_path/Frameworks";
				PRODUCT_BUNDLE_IDENTIFIER = "com.twsg.${PRODUCT_NAME:rfc1034identifier}";
				PRODUCT_NAME = "$(TARGET_NAME)";
				PROVISIONING_PROFILE = "1ec7308a-94e2-436d-8cd3-7b3b00f44b01";
				PROVISIONING_PROFILE_SPECIFIER = "match Development com.twsg.cocktail-assassin";
				SWIFT_VERSION = 3.0;
				TARGETED_DEVICE_FAMILY = "1,2";
			};
			name = Debug;
		};
		237B07821A6EA5F7001AA652 /* Release */ = {
			isa = XCBuildConfiguration;
			baseConfigurationReference = CB38E34227D038F21613C9F8 /* Pods-cocktail-assassin.release.xcconfig */;
			buildSettings = {
				ASSETCATALOG_COMPILER_APPICON_NAME = AppIcon;
				ASSETCATALOG_COMPILER_LAUNCHIMAGE_NAME = LaunchImage;
				CODE_SIGN_IDENTITY = "iPhone Developer";
				"CODE_SIGN_IDENTITY[sdk=iphoneos*]" = "iPhone Distribution";
				DEVELOPMENT_TEAM = 9269KSNZG8;
				INFOPLIST_FILE = "cocktail-assassin/Info.plist";
				IPHONEOS_DEPLOYMENT_TARGET = 10.0;
				LD_RUNPATH_SEARCH_PATHS = "$(inherited) @executable_path/Frameworks";
				PRODUCT_BUNDLE_IDENTIFIER = "com.twsg.${PRODUCT_NAME:rfc1034identifier}";
				PRODUCT_NAME = "$(TARGET_NAME)";
				PROVISIONING_PROFILE = "208e53e4-9623-4737-9ea2-3dc003c95da1";
				PROVISIONING_PROFILE_SPECIFIER = "match AppStore com.twsg.cocktail-assassin";
				SWIFT_VERSION = 3.0;
				TARGETED_DEVICE_FAMILY = "1,2";
			};
			name = Release;
		};
		237B07841A6EA5F7001AA652 /* Debug */ = {
			isa = XCBuildConfiguration;
			baseConfigurationReference = 3E10BBC322A78C40DDF7FB5E /* Pods-cocktail-assassinTests.debug.xcconfig */;
			buildSettings = {
				BUNDLE_LOADER = "$(BUILT_PRODUCTS_DIR)/cocktail-assassin.app/cocktail-assassin";
				FRAMEWORK_SEARCH_PATHS = "$(inherited)";
				GCC_PREPROCESSOR_DEFINITIONS = (
					"DEBUG=1",
					"$(inherited)",
				);
				INFOPLIST_FILE = "cocktail-assassinTests/Info.plist";
				LD_RUNPATH_SEARCH_PATHS = "$(inherited) @executable_path/Frameworks @loader_path/Frameworks";
				METAL_ENABLE_DEBUG_INFO = YES;
				PRODUCT_BUNDLE_IDENTIFIER = "com.twsg.${PRODUCT_NAME:rfc1034identifier}";
				PRODUCT_NAME = "$(TARGET_NAME)";
				SWIFT_VERSION = 3.0;
				TEST_HOST = "$(BUNDLE_LOADER)";
			};
			name = Debug;
		};
		237B07851A6EA5F7001AA652 /* Release */ = {
			isa = XCBuildConfiguration;
			baseConfigurationReference = 1D4967A16BCBCD83BBC2F6B7 /* Pods-cocktail-assassinTests.release.xcconfig */;
			buildSettings = {
				BUNDLE_LOADER = "$(BUILT_PRODUCTS_DIR)/cocktail-assassin.app/cocktail-assassin";
				FRAMEWORK_SEARCH_PATHS = "$(inherited)";
				INFOPLIST_FILE = "cocktail-assassinTests/Info.plist";
				LD_RUNPATH_SEARCH_PATHS = "$(inherited) @executable_path/Frameworks @loader_path/Frameworks";
				METAL_ENABLE_DEBUG_INFO = NO;
				PRODUCT_BUNDLE_IDENTIFIER = "com.twsg.${PRODUCT_NAME:rfc1034identifier}";
				PRODUCT_NAME = "$(TARGET_NAME)";
				SWIFT_VERSION = 3.0;
				TEST_HOST = "$(BUNDLE_LOADER)";
			};
			name = Release;
		};
		EFEAD8A81C469CCC00C362DE /* Debug */ = {
			isa = XCBuildConfiguration;
			buildSettings = {
				ALWAYS_EMBED_SWIFT_STANDARD_LIBRARIES = YES;
				ASSETCATALOG_COMPILER_APPICON_NAME = AppIcon;
				CODE_SIGN_IDENTITY = "iPhone Developer";
				"CODE_SIGN_IDENTITY[sdk=iphoneos*]" = "iPhone Developer";
				DEBUG_INFORMATION_FORMAT = dwarf;
				GCC_NO_COMMON_BLOCKS = YES;
				IBSC_MODULE = cocktail_assassin_watch_Extension;
				INFOPLIST_FILE = "cocktail-assassin-watch/Info.plist";
				MTL_ENABLE_DEBUG_INFO = YES;
				PRODUCT_BUNDLE_IDENTIFIER = "com.twsg.cocktail-assassin.watchkitapp";
				PRODUCT_NAME = "$(TARGET_NAME)";
				SDKROOT = watchos;
				SKIP_INSTALL = YES;
				SWIFT_VERSION = 3.0;
				TARGETED_DEVICE_FAMILY = 4;
				WATCHOS_DEPLOYMENT_TARGET = 3.2;
			};
			name = Debug;
		};
		EFEAD8A91C469CCC00C362DE /* Release */ = {
			isa = XCBuildConfiguration;
			buildSettings = {
				ALWAYS_EMBED_SWIFT_STANDARD_LIBRARIES = YES;
				ASSETCATALOG_COMPILER_APPICON_NAME = AppIcon;
				CODE_SIGN_IDENTITY = "iPhone Developer";
				"CODE_SIGN_IDENTITY[sdk=iphoneos*]" = "iPhone Developer";
				COPY_PHASE_STRIP = NO;
				DEBUG_INFORMATION_FORMAT = "dwarf-with-dsym";
				GCC_NO_COMMON_BLOCKS = YES;
				IBSC_MODULE = cocktail_assassin_watch_Extension;
				INFOPLIST_FILE = "cocktail-assassin-watch/Info.plist";
				MTL_ENABLE_DEBUG_INFO = NO;
				PRODUCT_BUNDLE_IDENTIFIER = "com.twsg.cocktail-assassin.watchkitapp";
				PRODUCT_NAME = "$(TARGET_NAME)";
				SDKROOT = watchos;
				SKIP_INSTALL = YES;
				SWIFT_VERSION = 3.0;
				TARGETED_DEVICE_FAMILY = 4;
				WATCHOS_DEPLOYMENT_TARGET = 3.2;
			};
			name = Release;
		};
		EFEAD8AA1C469CCC00C362DE /* Debug */ = {
			isa = XCBuildConfiguration;
			buildSettings = {
				ASSETCATALOG_COMPILER_COMPLICATION_NAME = Complication;
				CODE_SIGN_IDENTITY = "iPhone Developer";
				DEBUG_INFORMATION_FORMAT = dwarf;
				GCC_NO_COMMON_BLOCKS = YES;
				INFOPLIST_FILE = "cocktail-assassin-watch Extension/Info.plist";
				LD_RUNPATH_SEARCH_PATHS = "$(inherited) @executable_path/Frameworks @executable_path/../../Frameworks";
				MTL_ENABLE_DEBUG_INFO = YES;
				PRODUCT_BUNDLE_IDENTIFIER = "com.twsg.cocktail-assassin.watchkitapp.watchkitextension";
				PRODUCT_NAME = "${TARGET_NAME}";
				SDKROOT = watchos;
				SKIP_INSTALL = YES;
				SWIFT_VERSION = 3.0;
				TARGETED_DEVICE_FAMILY = 4;
				WATCHOS_DEPLOYMENT_TARGET = 3.2;
			};
			name = Debug;
		};
		EFEAD8AB1C469CCC00C362DE /* Release */ = {
			isa = XCBuildConfiguration;
			buildSettings = {
				ASSETCATALOG_COMPILER_COMPLICATION_NAME = Complication;
				CODE_SIGN_IDENTITY = "iPhone Developer";
				COPY_PHASE_STRIP = NO;
				DEBUG_INFORMATION_FORMAT = "dwarf-with-dsym";
				GCC_NO_COMMON_BLOCKS = YES;
				INFOPLIST_FILE = "cocktail-assassin-watch Extension/Info.plist";
				LD_RUNPATH_SEARCH_PATHS = "$(inherited) @executable_path/Frameworks @executable_path/../../Frameworks";
				MTL_ENABLE_DEBUG_INFO = NO;
				PRODUCT_BUNDLE_IDENTIFIER = "com.twsg.cocktail-assassin.watchkitapp.watchkitextension";
				PRODUCT_NAME = "${TARGET_NAME}";
				SDKROOT = watchos;
				SKIP_INSTALL = YES;
				SWIFT_VERSION = 3.0;
				TARGETED_DEVICE_FAMILY = 4;
				WATCHOS_DEPLOYMENT_TARGET = 3.2;
			};
			name = Release;
		};
/* End XCBuildConfiguration section */

/* Begin XCConfigurationList section */
		237B07641A6EA5F7001AA652 /* Build configuration list for PBXProject "cocktail-assassin" */ = {
			isa = XCConfigurationList;
			buildConfigurations = (
				237B077E1A6EA5F7001AA652 /* Debug */,
				237B077F1A6EA5F7001AA652 /* Release */,
			);
			defaultConfigurationIsVisible = 0;
			defaultConfigurationName = Release;
		};
		237B07801A6EA5F7001AA652 /* Build configuration list for PBXNativeTarget "cocktail-assassin" */ = {
			isa = XCConfigurationList;
			buildConfigurations = (
				237B07811A6EA5F7001AA652 /* Debug */,
				237B07821A6EA5F7001AA652 /* Release */,
			);
			defaultConfigurationIsVisible = 0;
			defaultConfigurationName = Release;
		};
		237B07831A6EA5F7001AA652 /* Build configuration list for PBXNativeTarget "cocktail-assassinTests" */ = {
			isa = XCConfigurationList;
			buildConfigurations = (
				237B07841A6EA5F7001AA652 /* Debug */,
				237B07851A6EA5F7001AA652 /* Release */,
			);
			defaultConfigurationIsVisible = 0;
			defaultConfigurationName = Release;
		};
		EFEAD8AC1C469CCC00C362DE /* Build configuration list for PBXNativeTarget "cocktail-assassin-watch Extension" */ = {
			isa = XCConfigurationList;
			buildConfigurations = (
				EFEAD8AA1C469CCC00C362DE /* Debug */,
				EFEAD8AB1C469CCC00C362DE /* Release */,
			);
			defaultConfigurationIsVisible = 0;
			defaultConfigurationName = Release;
		};
		EFEAD8AE1C469CCC00C362DE /* Build configuration list for PBXNativeTarget "cocktail-assassin-watch" */ = {
			isa = XCConfigurationList;
			buildConfigurations = (
				EFEAD8A81C469CCC00C362DE /* Debug */,
				EFEAD8A91C469CCC00C362DE /* Release */,
			);
			defaultConfigurationIsVisible = 0;
			defaultConfigurationName = Release;
		};
/* End XCConfigurationList section */

/* Begin XCVersionGroup section */
		5931BBFE1A8A489700895B64 /* CocktailAssassin.xcdatamodeld */ = {
			isa = XCVersionGroup;
			children = (
				5931BBFF1A8A489700895B64 /* CocktailAssassin.xcdatamodel */,
			);
			currentVersion = 5931BBFF1A8A489700895B64 /* CocktailAssassin.xcdatamodel */;
			path = CocktailAssassin.xcdatamodeld;
			sourceTree = "<group>";
			versionGroupType = wrapper.xcdatamodel;
		};
/* End XCVersionGroup section */
	};
	rootObject = 237B07611A6EA5F7001AA652 /* Project object */;
}
