PODS:
  - Alamofire (4.5.0)
  - iCarousel (1.8.3)
  - iOSSharedViewTransition (1.0.2)
  - MONActivityIndicatorView (0.0.3)
  - OMGHTTPURLRQ (3.2.2):
    - OMGHTTPURLRQ/RQ (= 3.2.2)
  - OMGHTTPURLRQ/FormURLEncode (3.2.2)
  - OMGHTTPURLRQ/RQ (3.2.2):
    - OMGHTTPURLRQ/FormURLEncode
    - OMGHTTPURLRQ/UserAgent
  - OMGHTTPURLRQ/UserAgent (3.2.2)
  - PromiseKit (4.4.0):
    - PromiseKit/Foundation (= 4.4.0)
    - PromiseKit/QuartzCore (= 4.4.0)
    - PromiseKit/UIKit (= 4.4.0)
  - PromiseKit/CorePromise (4.4.0)
  - PromiseKit/Foundation (4.4.0):
    - PromiseKit/CorePromise
  - PromiseKit/QuartzCore (4.4.0):
    - PromiseKit/CorePromise
  - PromiseKit/UIKit (4.4.0):
    - PromiseKit/CorePromise

DEPENDENCIES:
  - Alamofire (~> 4.5)
  - iCarousel (~> 1.8)
  - iOSSharedViewTransition (from `https://github.com/sbycrosz/iOSSharedViewTransition.git`)
  - MONActivityIndicatorView
  - OMGHTTPURLRQ (~> 3.2)
  - PromiseKit (~> 4.4)

EXTERNAL SOURCES:
  iOSSharedViewTransition:
    :git: https://github.com/sbycrosz/iOSSharedViewTransition.git

CHECKOUT OPTIONS:
  iOSSharedViewTransition:
    :commit: cd1a79c4e1cf157540ee0846bdca2bc30f3f8f97
    :git: https://github.com/sbycrosz/iOSSharedViewTransition.git

SPEC CHECKSUMS:
  Alamofire: f28cdffd29de33a7bfa022cbd63ae95a27fae140
  iCarousel: d782f635afac190c49bb8ee455882284cff8b85f
  iOSSharedViewTransition: efa7edf8a400e589c2fdf8ec51af8e4280e47133
  MONActivityIndicatorView: a00611695de16d956b17d03be25ee49a8effc5f2
  OMGHTTPURLRQ: edb14c7d28add69226b79d826f930805927a0ffa
  PromiseKit: ecf5fe92275d57ee77c9ede858af47a162e9b97e

PODFILE CHECKSUM: 3594d3fe1774579b2d21ebea5ee2c784d16190bf

COCOAPODS: 1.3.1
