PODS:
  - Alamofire (3.0.1)
  - iCarousel (1.8.2)
  - iOSSharedViewTransition (1.0.2)
  - MONActivityIndicatorView (0.0.3)
  - OMGHTTPURLRQ (3.0.0):
    - OMGHTTPURLRQ/RQ (= 3.0.0)
  - OMGHTTPURLRQ/FormURLEncode (3.0.0)
  - OMGHTTPURLRQ/RQ (3.0.0):
    - OMGHTTPURLRQ/FormURLEncode
    - OMGHTTPURLRQ/UserAgent
  - OMGHTTPURLRQ/UserAgent (3.0.0)
  - PromiseKit (3.0.0):
    - PromiseKit/Foundation (= 3.0.0)
    - PromiseKit/QuartzCore (= 3.0.0)
    - PromiseKit/UIKit (= 3.0.0)
  - PromiseKit/CorePromise (3.0.0)
  - PromiseKit/Foundation (3.0.0):
    - OMGHTTPURLRQ (~> 3.0.0)
    - PromiseKit/CorePromise
  - PromiseKit/QuartzCore (3.0.0):
    - PromiseKit/CorePromise
  - PromiseKit/UIKit (3.0.0):
    - PromiseKit/CorePromise

DEPENDENCIES:
  - Alamofire (from `https://github.com/Alamofire/Alamofire`)
  - iCarousel (~> 1.8)
  - iOSSharedViewTransition (from `https://github.com/sbycrosz/iOSSharedViewTransition.git`)
  - MONActivityIndicatorView
  - OMGHTTPURLRQ (from `https://github.com/mxcl/OMGHTTPURLRQ`, tag `3.0.0`)
  - PromiseKit (from `https://github.com/mxcl/PromiseKit`)

EXTERNAL SOURCES:
  Alamofire:
    :git: https://github.com/Alamofire/Alamofire
  iOSSharedViewTransition:
    :git: https://github.com/sbycrosz/iOSSharedViewTransition.git
  OMGHTTPURLRQ:
    :git: https://github.com/mxcl/OMGHTTPURLRQ
    :tag: 3.0.0
  PromiseKit:
    :git: https://github.com/mxcl/PromiseKit

CHECKOUT OPTIONS:
  Alamofire:
    :commit: 0f816eedf8d6b7c9a656697e50462145506e48f9
    :git: https://github.com/Alamofire/Alamofire
  iOSSharedViewTransition:
    :commit: cd1a79c4e1cf157540ee0846bdca2bc30f3f8f97
    :git: https://github.com/sbycrosz/iOSSharedViewTransition.git
  OMGHTTPURLRQ:
    :git: https://github.com/mxcl/OMGHTTPURLRQ
    :tag: 3.0.0
  PromiseKit:
    :commit: 988473285090de504774297e1fece8c0a52ab272
    :git: https://github.com/mxcl/PromiseKit

SPEC CHECKSUMS:
  Alamofire: 2457e1b2e6c46bb05c3a598c542b7bfd08893775
  iCarousel: 67c8a43da5a46795b56aadfc96cd36a16f6149b2
  iOSSharedViewTransition: efa7edf8a400e589c2fdf8ec51af8e4280e47133
  MONActivityIndicatorView: a00611695de16d956b17d03be25ee49a8effc5f2
  OMGHTTPURLRQ: 45cd892e5643206a5a359307621df7678625ebec
  PromiseKit: 665540a1eb43156446872dcf49ed7dee6ebbe13b

COCOAPODS: 0.38.2
